
Microsoft Visual Studio Solution File, Format Version 12.00
# Visual Studio Version 16
VisualStudioVersion = 16.0.30114.105
MinimumVisualStudioVersion = 10.0.40219.1
Project("{FAE04EC0-301F-11D3-BF4B-00C04F79EFBC}") = "R5T.D0036.A001", "R5T.D0036.A001\R5T.D0036.A001.csproj", "{AF342404-6EA2-48B9-B0B5-8ADDD3636D77}"
EndProject
Project("{FAE04EC0-301F-11D3-BF4B-00C04F79EFBC}") = "R5T.D0036.Base", "R5T.D0036.Base\R5T.D0036.Base.csproj", "{84E1661D-8490-4945-93FA-197D96C67BA7}"
EndProject
Project("{FAE04EC0-301F-11D3-BF4B-00C04F79EFBC}") = "R5T.D0036.Construction", "R5T.D0036.Construction\R5T.D0036.Construction.csproj", "{A4732D42-B6FC-4FE9-A3FB-69C57E1B76E2}"
EndProject
Project("{FAE04EC0-301F-11D3-BF4B-00C04F79EFBC}") = "R5T.D0036.D0037", "R5T.D0036.D0037\R5T.D0036.D0037.csproj", "{D461AB01-FBA8-4F96-BAB1-186100CADAB1}"
EndProject
Global
	GlobalSection(SolutionConfigurationPlatforms) = preSolution
		Debug|Any CPU = Debug|Any CPU
		Debug|x64 = Debug|x64
		Debug|x86 = Debug|x86
		Release|Any CPU = Release|Any CPU
		Release|x64 = Release|x64
		Release|x86 = Release|x86
	EndGlobalSection
	GlobalSection(SolutionProperties) = preSolution
		HideSolutionNode = FALSE
	EndGlobalSection
	GlobalSection(ProjectConfigurationPlatforms) = postSolution
		{AF342404-6EA2-48B9-B0B5-8ADDD3636D77}.Debug|Any CPU.ActiveCfg = Debug|Any CPU
		{AF342404-6EA2-48B9-B0B5-8ADDD3636D77}.Debug|Any CPU.Build.0 = Debug|Any CPU
		{AF342404-6EA2-48B9-B0B5-8ADDD3636D77}.Debug|x64.ActiveCfg = Debug|Any CPU
		{AF342404-6EA2-48B9-B0B5-8ADDD3636D77}.Debug|x64.Build.0 = Debug|Any CPU
		{AF342404-6EA2-48B9-B0B5-8ADDD3636D77}.Debug|x86.ActiveCfg = Debug|Any CPU
		{AF342404-6EA2-48B9-B0B5-8ADDD3636D77}.Debug|x86.Build.0 = Debug|Any CPU
		{AF342404-6EA2-48B9-B0B5-8ADDD3636D77}.Release|Any CPU.ActiveCfg = Release|Any CPU
		{AF342404-6EA2-48B9-B0B5-8ADDD3636D77}.Release|Any CPU.Build.0 = Release|Any CPU
		{AF342404-6EA2-48B9-B0B5-8ADDD3636D77}.Release|x64.ActiveCfg = Release|Any CPU
		{AF342404-6EA2-48B9-B0B5-8ADDD3636D77}.Release|x64.Build.0 = Release|Any CPU
		{AF342404-6EA2-48B9-B0B5-8ADDD3636D77}.Release|x86.ActiveCfg = Release|Any CPU
		{AF342404-6EA2-48B9-B0B5-8ADDD3636D77}.Release|x86.Build.0 = Release|Any CPU
		{84E1661D-8490-4945-93FA-197D96C67BA7}.Debug|Any CPU.ActiveCfg = Debug|Any CPU
		{84E1661D-8490-4945-93FA-197D96C67BA7}.Debug|Any CPU.Build.0 = Debug|Any CPU
		{84E1661D-8490-4945-93FA-197D96C67BA7}.Debug|x64.ActiveCfg = Debug|Any CPU
		{84E1661D-8490-4945-93FA-197D96C67BA7}.Debug|x64.Build.0 = Debug|Any CPU
		{84E1661D-8490-4945-93FA-197D96C67BA7}.Debug|x86.ActiveCfg = Debug|Any CPU
		{84E1661D-8490-4945-93FA-197D96C67BA7}.Debug|x86.Build.0 = Debug|Any CPU
		{84E1661D-8490-4945-93FA-197D96C67BA7}.Release|Any CPU.ActiveCfg = Release|Any CPU
		{84E1661D-8490-4945-93FA-197D96C67BA7}.Release|Any CPU.Build.0 = Release|Any CPU
		{84E1661D-8490-4945-93FA-197D96C67BA7}.Release|x64.ActiveCfg = Release|Any CPU
		{84E1661D-8490-4945-93FA-197D96C67BA7}.Release|x64.Build.0 = Release|Any CPU
		{84E1661D-8490-4945-93FA-197D96C67BA7}.Release|x86.ActiveCfg = Release|Any CPU
		{84E1661D-8490-4945-93FA-197D96C67BA7}.Release|x86.Build.0 = Release|Any CPU
		{A4732D42-B6FC-4FE9-A3FB-69C57E1B76E2}.Debug|Any CPU.ActiveCfg = Debug|Any CPU
		{A4732D42-B6FC-4FE9-A3FB-69C57E1B76E2}.Debug|Any CPU.Build.0 = Debug|Any CPU
		{A4732D42-B6FC-4FE9-A3FB-69C57E1B76E2}.Debug|x64.ActiveCfg = Debug|Any CPU
		{A4732D42-B6FC-4FE9-A3FB-69C57E1B76E2}.Debug|x64.Build.0 = Debug|Any CPU
		{A4732D42-B6FC-4FE9-A3FB-69C57E1B76E2}.Debug|x86.ActiveCfg = Debug|Any CPU
		{A4732D42-B6FC-4FE9-A3FB-69C57E1B76E2}.Debug|x86.Build.0 = Debug|Any CPU
		{A4732D42-B6FC-4FE9-A3FB-69C57E1B76E2}.Release|Any CPU.ActiveCfg = Release|Any CPU
		{A4732D42-B6FC-4FE9-A3FB-69C57E1B76E2}.Release|Any CPU.Build.0 = Release|Any CPU
		{A4732D42-B6FC-4FE9-A3FB-69C57E1B76E2}.Release|x64.ActiveCfg = Release|Any CPU
		{A4732D42-B6FC-4FE9-A3FB-69C57E1B76E2}.Release|x64.Build.0 = Release|Any CPU
		{A4732D42-B6FC-4FE9-A3FB-69C57E1B76E2}.Release|x86.ActiveCfg = Release|Any CPU
		{A4732D42-B6FC-4FE9-A3FB-69C57E1B76E2}.Release|x86.Build.0 = Release|Any CPU
		{D461AB01-FBA8-4F96-BAB1-186100CADAB1}.Debug|Any CPU.ActiveCfg = Debug|Any CPU
		{D461AB01-FBA8-4F96-BAB1-186100CADAB1}.Debug|Any CPU.Build.0 = Debug|Any CPU
		{D461AB01-FBA8-4F96-BAB1-186100CADAB1}.Debug|x64.ActiveCfg = Debug|Any CPU
		{D461AB01-FBA8-4F96-BAB1-186100CADAB1}.Debug|x64.Build.0 = Debug|Any CPU
		{D461AB01-FBA8-4F96-BAB1-186100CADAB1}.Debug|x86.ActiveCfg = Debug|Any CPU
		{D461AB01-FBA8-4F96-BAB1-186100CADAB1}.Debug|x86.Build.0 = Debug|Any CPU
		{D461AB01-FBA8-4F96-BAB1-186100CADAB1}.Release|Any CPU.ActiveCfg = Release|Any CPU
		{D461AB01-FBA8-4F96-BAB1-186100CADAB1}.Release|Any CPU.Build.0 = Release|Any CPU
		{D461AB01-FBA8-4F96-BAB1-186100CADAB1}.Release|x64.ActiveCfg = Release|Any CPU
		{D461AB01-FBA8-4F96-BAB1-186100CADAB1}.Release|x64.Build.0 = Release|Any CPU
		{D461AB01-FBA8-4F96-BAB1-186100CADAB1}.Release|x86.ActiveCfg = Release|Any CPU
		{D461AB01-FBA8-4F96-BAB1-186100CADAB1}.Release|x86.Build.0 = Release|Any CPU
	EndGlobalSection
EndGlobal
