
Microsoft Visual Studio Solution File, Format Version 12.00
# Visual Studio 15
VisualStudioVersion = 15.0.26124.0
MinimumVisualStudioVersion = 15.0.26124.0
Project("{9A19103F-16F7-4668-BE54-9A1E7A4F7556}") = "R5T.D0036.Construction", "R5T.D0036.Construction\R5T.D0036.Construction.csproj", "{2CDC5366-2961-45E7-BC2B-BFE60227AF68}"
EndProject
Project("{9A19103F-16F7-4668-BE54-9A1E7A4F7556}") = "R5T.D0036", "R5T.D0036\R5T.D0036.csproj", "{57F86CB5-EBC9-497A-A657-5812E52C1204}"
EndProject
Project("{9A19103F-16F7-4668-BE54-9A1E7A4F7556}") = "R5T.D0036.Base", "R5T.D0036.Base\R5T.D0036.Base.csproj", "{23D39316-018D-4133-BCA2-EC82C2F53CE1}"
EndProject
Project("{2150E333-8FDC-42A3-9474-1A3956D46DE8}") = "_Dependencies", "_Dependencies", "{456F164D-8249-4DFB-8848-30A60ED7CC8F}"
EndProject
Project("{9A19103F-16F7-4668-BE54-9A1E7A4F7556}") = "R5T.T0010", "..\..\R5T.T0010\source\R5T.T0010\R5T.T0010.csproj", "{D5797F93-CB0F-4EFA-A9DD-3A08667FF40D}"
EndProject
Project("{9A19103F-16F7-4668-BE54-9A1E7A4F7556}") = "R5T.Stagira", "..\..\R5T.Stagira\source\R5T.Stagira\R5T.Stagira.csproj", "{3BBDD564-7B90-45A5-B7DF-54B8D6813868}"
EndProject
Project("{9A19103F-16F7-4668-BE54-9A1E7A4F7556}") = "R5T.D0037.Standard", "..\..\R5T.D0037\source\R5T.D0037.Standard\R5T.D0037.Standard.csproj", "{F5571090-3CAD-45C3-A1EA-6FC202DFBFB3}"
EndProject
Project("{9A19103F-16F7-4668-BE54-9A1E7A4F7556}") = "R5T.D0038.L0001", "..\..\R5T.D0038\source\R5T.D0038.L0001\R5T.D0038.L0001.csproj", "{583429AD-59EA-415D-8A2F-95608F8A5293}"
EndProject
Project("{9A19103F-16F7-4668-BE54-9A1E7A4F7556}") = "R5T.Dacia.Extensions", "..\..\R5T.Dacia.Extensions\source\R5T.Dacia.Extensions\R5T.Dacia.Extensions.csproj", "{29BB146A-4BD1-4BDE-B3E4-E4962DFB4A0D}"
EndProject
Project("{9A19103F-16F7-4668-BE54-9A1E7A4F7556}") = "R5T.Dacia", "..\..\R5T.Dacia\source\R5T.Dacia\R5T.Dacia.csproj", "{D9258707-DD2F-4754-B26E-FF1345F73B3B}"
EndProject
Project("{9A19103F-16F7-4668-BE54-9A1E7A4F7556}") = "R5T.L0001.Extensions", "..\..\R5T.L0001\source\R5T.L0001.Extensions\R5T.L0001.Extensions.csproj", "{E33A54A0-822C-4565-ACBE-855C8E378657}"
EndProject
Project("{9A19103F-16F7-4668-BE54-9A1E7A4F7556}") = "R5T.L0001", "..\..\R5T.L0001\source\R5T.L0001\R5T.L0001.csproj", "{E6C8FDA8-55D1-4929-8B9D-B94D52038B0A}"
EndProject
Project("{9A19103F-16F7-4668-BE54-9A1E7A4F7556}") = "R5T.T0008", "..\..\R5T.T0008\source\R5T.T0008\R5T.T0008.csproj", "{E42244E2-95D0-4C0F-B155-A25792289715}"
EndProject
Project("{9A19103F-16F7-4668-BE54-9A1E7A4F7556}") = "R5T.D0038.Base", "..\..\R5T.D0038\source\R5T.D0038.Base\R5T.D0038.Base.csproj", "{96325F30-1784-4776-904C-C94CD3BB193B}"
EndProject
Project("{9A19103F-16F7-4668-BE54-9A1E7A4F7556}") = "R5T.D0037.D0038", "..\..\R5T.D0037\source\R5T.D0037.D0038\R5T.D0037.D0038.csproj", "{9C564B1B-D2EB-4AD5-A39C-6A8F00662B24}"
EndProject
Project("{9A19103F-16F7-4668-BE54-9A1E7A4F7556}") = "R5T.D0037.Base", "..\..\R5T.D0037\source\R5T.D0037.Base\R5T.D0037.Base.csproj", "{132EE04A-1B81-409C-8775-B6DC13E5D445}"
EndProject
Project("{FAE04EC0-301F-11D3-BF4B-00C04F79EFBC}") = "R5T.D0036.D0037", "R5T.D0036.D0037\R5T.D0036.D0037.csproj", "{3A0B0302-3A44-4003-8C1C-31FCE39327AE}"
EndProject
Project("{FAE04EC0-301F-11D3-BF4B-00C04F79EFBC}") = "R5T.D0036.Standard", "R5T.D0036.Standard\R5T.D0036.Standard.csproj", "{A11EC81C-B584-4434-89A8-943396B51B6C}"
EndProject
Project("{9A19103F-16F7-4668-BE54-9A1E7A4F7556}") = "R5T.Magyar", "..\..\R5T.Magyar\source\R5T.Magyar\R5T.Magyar.csproj", "{AF7B9B6E-E3C3-4EE7-B139-76A5988C283F}"
EndProject
Project("{9A19103F-16F7-4668-BE54-9A1E7A4F7556}") = "R5T.D0046.Base", "..\..\R5T.D0046\source\R5T.D0046.Base\R5T.D0046.Base.csproj", "{855F08D9-BBC3-4696-B1D2-CBE136B1B210}"
EndProject
Project("{9A19103F-16F7-4668-BE54-9A1E7A4F7556}") = "R5T.Aalborg", "..\..\R5T.Aalborg\source\R5T.Aalborg\R5T.Aalborg.csproj", "{1CC56574-5CAF-408B-A0FF-3EC3D1688C03}"
EndProject
Project("{9A19103F-16F7-4668-BE54-9A1E7A4F7556}") = "R5T.D0046.Standard", "..\..\R5T.D0046\source\R5T.D0046.Standard\R5T.D0046.Standard.csproj", "{7CE20E39-3A68-402F-AD20-0BD5E8EA62B6}"
EndProject
Project("{9A19103F-16F7-4668-BE54-9A1E7A4F7556}") = "R5T.Polidea.Standard", "..\..\R5T.Polidea\source\R5T.Polidea.Standard\R5T.Polidea.Standard.csproj", "{D58AB3A2-61A7-4C21-9212-A7A9D7AAEE0D}"
EndProject
Project("{9A19103F-16F7-4668-BE54-9A1E7A4F7556}") = "R5T.Polidea.Sardinia", "..\..\R5T.Polidea.Sardinia\source\R5T.Polidea.Sardinia\R5T.Polidea.Sardinia.csproj", "{F59BC93E-C2E8-44F7-9224-E951A88B0D31}"
EndProject
Project("{9A19103F-16F7-4668-BE54-9A1E7A4F7556}") = "R5T.Polidea", "..\..\R5T.Polidea\source\R5T.Polidea\R5T.Polidea.csproj", "{3F7A65DE-2A6B-4F93-A7E7-13FA2949ABC8}"
EndProject
Project("{9A19103F-16F7-4668-BE54-9A1E7A4F7556}") = "R5T.Sardinia", "..\..\R5T.Sardinia\source\R5T.Sardinia\R5T.Sardinia.csproj", "{010BAE58-15A9-4CE1-8C1B-2B349884AEDB}"
EndProject
Project("{9A19103F-16F7-4668-BE54-9A1E7A4F7556}") = "R5T.Exeter", "..\..\R5T.Exeter\source\R5T.Exeter\R5T.Exeter.csproj", "{71B9D7E4-1FCD-4FCB-8F37-17BE3BBAFEBF}"
EndProject
Project("{9A19103F-16F7-4668-BE54-9A1E7A4F7556}") = "R5T.Chamavia.Extensions", "..\..\R5T.Chamavia.Extensions\source\R5T.Chamavia.Extensions\R5T.Chamavia.Extensions.csproj", "{0CEAB622-FF22-4688-9725-C0F994339029}"
EndProject
Project("{9A19103F-16F7-4668-BE54-9A1E7A4F7556}") = "R5T.Chamavia", "..\..\R5T.Chamavia\source\R5T.Chamavia\R5T.Chamavia.csproj", "{D9D59E45-DBBD-4B22-9D47-C1E928D6E35B}"
EndProject
Project("{9A19103F-16F7-4668-BE54-9A1E7A4F7556}") = "R5T.Langobard.Extensions", "..\..\R5T.Langobard.Extensions\source\R5T.Langobard.Extensions\R5T.Langobard.Extensions.csproj", "{1E98CD42-1110-47BA-9AB6-CB673A26C0D4}"
EndProject
Project("{9A19103F-16F7-4668-BE54-9A1E7A4F7556}") = "R5T.Langobard", "..\..\R5T.Langobard\source\R5T.Langobard\R5T.Langobard.csproj", "{CCDE3E69-CD1A-4B03-A58A-2EF6F4E1C8DE}"
EndProject
Project("{9A19103F-16F7-4668-BE54-9A1E7A4F7556}") = "R5T.Opatia", "..\..\R5T.Opatia\source\R5T.Opatia\R5T.Opatia.csproj", "{8189D054-9FE0-4290-B8E4-C78DA52B8AAD}"
EndProject
Project("{9A19103F-16F7-4668-BE54-9A1E7A4F7556}") = "R5T.Polidea.Suebia", "..\..\R5T.Polidea.Suebia\source\R5T.Polidea.Suebia\R5T.Polidea.Suebia.csproj", "{59D66AAA-FE8F-4DF3-A52B-11B09A117934}"
EndProject
Project("{9A19103F-16F7-4668-BE54-9A1E7A4F7556}") = "R5T.Suebia.Extensions", "..\..\R5T.Suebia.Extensions\source\R5T.Suebia.Extensions\R5T.Suebia.Extensions.csproj", "{EF0CD81D-CB7E-410E-BD4B-708F9F71DA8C}"
EndProject
Project("{9A19103F-16F7-4668-BE54-9A1E7A4F7556}") = "R5T.Suebia.Base", "..\..\R5T.Suebia.Base\source\R5T.Suebia.Base\R5T.Suebia.Base.csproj", "{A3B4AC9F-7E4E-446C-AA6B-079F66407908}"
EndProject
Project("{9A19103F-16F7-4668-BE54-9A1E7A4F7556}") = "R5T.Polidea.Default", "..\..\R5T.Polidea\source\R5T.Polidea.Default\R5T.Polidea.Default.csproj", "{18548448-8239-4239-92F2-2EB721680BE0}"
EndProject
Project("{9A19103F-16F7-4668-BE54-9A1E7A4F7556}") = "R5T.Polidea.Base", "..\..\R5T.Polidea\source\R5T.Polidea.Base\R5T.Polidea.Base.csproj", "{EFB918F6-CD9E-4E7D-9AF0-4F788CBDCB54}"
EndProject
Project("{9A19103F-16F7-4668-BE54-9A1E7A4F7556}") = "R5T.D0046.Default", "..\..\R5T.D0046\source\R5T.D0046.Default\R5T.D0046.Default.csproj", "{F3595970-557E-43DE-BA60-78E04DF7B45B}"
EndProject
Global
	GlobalSection(SolutionConfigurationPlatforms) = preSolution
		Debug|Any CPU = Debug|Any CPU
		Debug|x64 = Debug|x64
		Debug|x86 = Debug|x86
		Release|Any CPU = Release|Any CPU
		Release|x64 = Release|x64
		Release|x86 = Release|x86
	EndGlobalSection
	GlobalSection(ProjectConfigurationPlatforms) = postSolution
		{2CDC5366-2961-45E7-BC2B-BFE60227AF68}.Debug|Any CPU.ActiveCfg = Debug|Any CPU
		{2CDC5366-2961-45E7-BC2B-BFE60227AF68}.Debug|Any CPU.Build.0 = Debug|Any CPU
		{2CDC5366-2961-45E7-BC2B-BFE60227AF68}.Debug|x64.ActiveCfg = Debug|Any CPU
		{2CDC5366-2961-45E7-BC2B-BFE60227AF68}.Debug|x64.Build.0 = Debug|Any CPU
		{2CDC5366-2961-45E7-BC2B-BFE60227AF68}.Debug|x86.ActiveCfg = Debug|Any CPU
		{2CDC5366-2961-45E7-BC2B-BFE60227AF68}.Debug|x86.Build.0 = Debug|Any CPU
		{2CDC5366-2961-45E7-BC2B-BFE60227AF68}.Release|Any CPU.ActiveCfg = Release|Any CPU
		{2CDC5366-2961-45E7-BC2B-BFE60227AF68}.Release|Any CPU.Build.0 = Release|Any CPU
		{2CDC5366-2961-45E7-BC2B-BFE60227AF68}.Release|x64.ActiveCfg = Release|Any CPU
		{2CDC5366-2961-45E7-BC2B-BFE60227AF68}.Release|x64.Build.0 = Release|Any CPU
		{2CDC5366-2961-45E7-BC2B-BFE60227AF68}.Release|x86.ActiveCfg = Release|Any CPU
		{2CDC5366-2961-45E7-BC2B-BFE60227AF68}.Release|x86.Build.0 = Release|Any CPU
		{57F86CB5-EBC9-497A-A657-5812E52C1204}.Debug|Any CPU.ActiveCfg = Debug|Any CPU
		{57F86CB5-EBC9-497A-A657-5812E52C1204}.Debug|Any CPU.Build.0 = Debug|Any CPU
		{57F86CB5-EBC9-497A-A657-5812E52C1204}.Debug|x64.ActiveCfg = Debug|Any CPU
		{57F86CB5-EBC9-497A-A657-5812E52C1204}.Debug|x64.Build.0 = Debug|Any CPU
		{57F86CB5-EBC9-497A-A657-5812E52C1204}.Debug|x86.ActiveCfg = Debug|Any CPU
		{57F86CB5-EBC9-497A-A657-5812E52C1204}.Debug|x86.Build.0 = Debug|Any CPU
		{57F86CB5-EBC9-497A-A657-5812E52C1204}.Release|Any CPU.ActiveCfg = Release|Any CPU
		{57F86CB5-EBC9-497A-A657-5812E52C1204}.Release|Any CPU.Build.0 = Release|Any CPU
		{57F86CB5-EBC9-497A-A657-5812E52C1204}.Release|x64.ActiveCfg = Release|Any CPU
		{57F86CB5-EBC9-497A-A657-5812E52C1204}.Release|x64.Build.0 = Release|Any CPU
		{57F86CB5-EBC9-497A-A657-5812E52C1204}.Release|x86.ActiveCfg = Release|Any CPU
		{57F86CB5-EBC9-497A-A657-5812E52C1204}.Release|x86.Build.0 = Release|Any CPU
		{23D39316-018D-4133-BCA2-EC82C2F53CE1}.Debug|Any CPU.ActiveCfg = Debug|Any CPU
		{23D39316-018D-4133-BCA2-EC82C2F53CE1}.Debug|Any CPU.Build.0 = Debug|Any CPU
		{23D39316-018D-4133-BCA2-EC82C2F53CE1}.Debug|x64.ActiveCfg = Debug|Any CPU
		{23D39316-018D-4133-BCA2-EC82C2F53CE1}.Debug|x64.Build.0 = Debug|Any CPU
		{23D39316-018D-4133-BCA2-EC82C2F53CE1}.Debug|x86.ActiveCfg = Debug|Any CPU
		{23D39316-018D-4133-BCA2-EC82C2F53CE1}.Debug|x86.Build.0 = Debug|Any CPU
		{23D39316-018D-4133-BCA2-EC82C2F53CE1}.Release|Any CPU.ActiveCfg = Release|Any CPU
		{23D39316-018D-4133-BCA2-EC82C2F53CE1}.Release|Any CPU.Build.0 = Release|Any CPU
		{23D39316-018D-4133-BCA2-EC82C2F53CE1}.Release|x64.ActiveCfg = Release|Any CPU
		{23D39316-018D-4133-BCA2-EC82C2F53CE1}.Release|x64.Build.0 = Release|Any CPU
		{23D39316-018D-4133-BCA2-EC82C2F53CE1}.Release|x86.ActiveCfg = Release|Any CPU
		{23D39316-018D-4133-BCA2-EC82C2F53CE1}.Release|x86.Build.0 = Release|Any CPU
		{D5797F93-CB0F-4EFA-A9DD-3A08667FF40D}.Debug|Any CPU.ActiveCfg = Debug|Any CPU
		{D5797F93-CB0F-4EFA-A9DD-3A08667FF40D}.Debug|Any CPU.Build.0 = Debug|Any CPU
		{D5797F93-CB0F-4EFA-A9DD-3A08667FF40D}.Debug|x64.ActiveCfg = Debug|Any CPU
		{D5797F93-CB0F-4EFA-A9DD-3A08667FF40D}.Debug|x64.Build.0 = Debug|Any CPU
		{D5797F93-CB0F-4EFA-A9DD-3A08667FF40D}.Debug|x86.ActiveCfg = Debug|Any CPU
		{D5797F93-CB0F-4EFA-A9DD-3A08667FF40D}.Debug|x86.Build.0 = Debug|Any CPU
		{D5797F93-CB0F-4EFA-A9DD-3A08667FF40D}.Release|Any CPU.ActiveCfg = Release|Any CPU
		{D5797F93-CB0F-4EFA-A9DD-3A08667FF40D}.Release|Any CPU.Build.0 = Release|Any CPU
		{D5797F93-CB0F-4EFA-A9DD-3A08667FF40D}.Release|x64.ActiveCfg = Release|Any CPU
		{D5797F93-CB0F-4EFA-A9DD-3A08667FF40D}.Release|x64.Build.0 = Release|Any CPU
		{D5797F93-CB0F-4EFA-A9DD-3A08667FF40D}.Release|x86.ActiveCfg = Release|Any CPU
		{D5797F93-CB0F-4EFA-A9DD-3A08667FF40D}.Release|x86.Build.0 = Release|Any CPU
		{3BBDD564-7B90-45A5-B7DF-54B8D6813868}.Debug|Any CPU.ActiveCfg = Debug|Any CPU
		{3BBDD564-7B90-45A5-B7DF-54B8D6813868}.Debug|Any CPU.Build.0 = Debug|Any CPU
		{3BBDD564-7B90-45A5-B7DF-54B8D6813868}.Debug|x64.ActiveCfg = Debug|Any CPU
		{3BBDD564-7B90-45A5-B7DF-54B8D6813868}.Debug|x64.Build.0 = Debug|Any CPU
		{3BBDD564-7B90-45A5-B7DF-54B8D6813868}.Debug|x86.ActiveCfg = Debug|Any CPU
		{3BBDD564-7B90-45A5-B7DF-54B8D6813868}.Debug|x86.Build.0 = Debug|Any CPU
		{3BBDD564-7B90-45A5-B7DF-54B8D6813868}.Release|Any CPU.ActiveCfg = Release|Any CPU
		{3BBDD564-7B90-45A5-B7DF-54B8D6813868}.Release|Any CPU.Build.0 = Release|Any CPU
		{3BBDD564-7B90-45A5-B7DF-54B8D6813868}.Release|x64.ActiveCfg = Release|Any CPU
		{3BBDD564-7B90-45A5-B7DF-54B8D6813868}.Release|x64.Build.0 = Release|Any CPU
		{3BBDD564-7B90-45A5-B7DF-54B8D6813868}.Release|x86.ActiveCfg = Release|Any CPU
		{3BBDD564-7B90-45A5-B7DF-54B8D6813868}.Release|x86.Build.0 = Release|Any CPU
		{F5571090-3CAD-45C3-A1EA-6FC202DFBFB3}.Debug|Any CPU.ActiveCfg = Debug|Any CPU
		{F5571090-3CAD-45C3-A1EA-6FC202DFBFB3}.Debug|Any CPU.Build.0 = Debug|Any CPU
		{F5571090-3CAD-45C3-A1EA-6FC202DFBFB3}.Debug|x64.ActiveCfg = Debug|Any CPU
		{F5571090-3CAD-45C3-A1EA-6FC202DFBFB3}.Debug|x64.Build.0 = Debug|Any CPU
		{F5571090-3CAD-45C3-A1EA-6FC202DFBFB3}.Debug|x86.ActiveCfg = Debug|Any CPU
		{F5571090-3CAD-45C3-A1EA-6FC202DFBFB3}.Debug|x86.Build.0 = Debug|Any CPU
		{F5571090-3CAD-45C3-A1EA-6FC202DFBFB3}.Release|Any CPU.ActiveCfg = Release|Any CPU
		{F5571090-3CAD-45C3-A1EA-6FC202DFBFB3}.Release|Any CPU.Build.0 = Release|Any CPU
		{F5571090-3CAD-45C3-A1EA-6FC202DFBFB3}.Release|x64.ActiveCfg = Release|Any CPU
		{F5571090-3CAD-45C3-A1EA-6FC202DFBFB3}.Release|x64.Build.0 = Release|Any CPU
		{F5571090-3CAD-45C3-A1EA-6FC202DFBFB3}.Release|x86.ActiveCfg = Release|Any CPU
		{F5571090-3CAD-45C3-A1EA-6FC202DFBFB3}.Release|x86.Build.0 = Release|Any CPU
		{583429AD-59EA-415D-8A2F-95608F8A5293}.Debug|Any CPU.ActiveCfg = Debug|Any CPU
		{583429AD-59EA-415D-8A2F-95608F8A5293}.Debug|Any CPU.Build.0 = Debug|Any CPU
		{583429AD-59EA-415D-8A2F-95608F8A5293}.Debug|x64.ActiveCfg = Debug|Any CPU
		{583429AD-59EA-415D-8A2F-95608F8A5293}.Debug|x64.Build.0 = Debug|Any CPU
		{583429AD-59EA-415D-8A2F-95608F8A5293}.Debug|x86.ActiveCfg = Debug|Any CPU
		{583429AD-59EA-415D-8A2F-95608F8A5293}.Debug|x86.Build.0 = Debug|Any CPU
		{583429AD-59EA-415D-8A2F-95608F8A5293}.Release|Any CPU.ActiveCfg = Release|Any CPU
		{583429AD-59EA-415D-8A2F-95608F8A5293}.Release|Any CPU.Build.0 = Release|Any CPU
		{583429AD-59EA-415D-8A2F-95608F8A5293}.Release|x64.ActiveCfg = Release|Any CPU
		{583429AD-59EA-415D-8A2F-95608F8A5293}.Release|x64.Build.0 = Release|Any CPU
		{583429AD-59EA-415D-8A2F-95608F8A5293}.Release|x86.ActiveCfg = Release|Any CPU
		{583429AD-59EA-415D-8A2F-95608F8A5293}.Release|x86.Build.0 = Release|Any CPU
		{29BB146A-4BD1-4BDE-B3E4-E4962DFB4A0D}.Debug|Any CPU.ActiveCfg = Debug|Any CPU
		{29BB146A-4BD1-4BDE-B3E4-E4962DFB4A0D}.Debug|Any CPU.Build.0 = Debug|Any CPU
		{29BB146A-4BD1-4BDE-B3E4-E4962DFB4A0D}.Debug|x64.ActiveCfg = Debug|Any CPU
		{29BB146A-4BD1-4BDE-B3E4-E4962DFB4A0D}.Debug|x64.Build.0 = Debug|Any CPU
		{29BB146A-4BD1-4BDE-B3E4-E4962DFB4A0D}.Debug|x86.ActiveCfg = Debug|Any CPU
		{29BB146A-4BD1-4BDE-B3E4-E4962DFB4A0D}.Debug|x86.Build.0 = Debug|Any CPU
		{29BB146A-4BD1-4BDE-B3E4-E4962DFB4A0D}.Release|Any CPU.ActiveCfg = Release|Any CPU
		{29BB146A-4BD1-4BDE-B3E4-E4962DFB4A0D}.Release|Any CPU.Build.0 = Release|Any CPU
		{29BB146A-4BD1-4BDE-B3E4-E4962DFB4A0D}.Release|x64.ActiveCfg = Release|Any CPU
		{29BB146A-4BD1-4BDE-B3E4-E4962DFB4A0D}.Release|x64.Build.0 = Release|Any CPU
		{29BB146A-4BD1-4BDE-B3E4-E4962DFB4A0D}.Release|x86.ActiveCfg = Release|Any CPU
		{29BB146A-4BD1-4BDE-B3E4-E4962DFB4A0D}.Release|x86.Build.0 = Release|Any CPU
		{D9258707-DD2F-4754-B26E-FF1345F73B3B}.Debug|Any CPU.ActiveCfg = Debug|Any CPU
		{D9258707-DD2F-4754-B26E-FF1345F73B3B}.Debug|Any CPU.Build.0 = Debug|Any CPU
		{D9258707-DD2F-4754-B26E-FF1345F73B3B}.Debug|x64.ActiveCfg = Debug|Any CPU
		{D9258707-DD2F-4754-B26E-FF1345F73B3B}.Debug|x64.Build.0 = Debug|Any CPU
		{D9258707-DD2F-4754-B26E-FF1345F73B3B}.Debug|x86.ActiveCfg = Debug|Any CPU
		{D9258707-DD2F-4754-B26E-FF1345F73B3B}.Debug|x86.Build.0 = Debug|Any CPU
		{D9258707-DD2F-4754-B26E-FF1345F73B3B}.Release|Any CPU.ActiveCfg = Release|Any CPU
		{D9258707-DD2F-4754-B26E-FF1345F73B3B}.Release|Any CPU.Build.0 = Release|Any CPU
		{D9258707-DD2F-4754-B26E-FF1345F73B3B}.Release|x64.ActiveCfg = Release|Any CPU
		{D9258707-DD2F-4754-B26E-FF1345F73B3B}.Release|x64.Build.0 = Release|Any CPU
		{D9258707-DD2F-4754-B26E-FF1345F73B3B}.Release|x86.ActiveCfg = Release|Any CPU
		{D9258707-DD2F-4754-B26E-FF1345F73B3B}.Release|x86.Build.0 = Release|Any CPU
		{E33A54A0-822C-4565-ACBE-855C8E378657}.Debug|Any CPU.ActiveCfg = Debug|Any CPU
		{E33A54A0-822C-4565-ACBE-855C8E378657}.Debug|Any CPU.Build.0 = Debug|Any CPU
		{E33A54A0-822C-4565-ACBE-855C8E378657}.Debug|x64.ActiveCfg = Debug|Any CPU
		{E33A54A0-822C-4565-ACBE-855C8E378657}.Debug|x64.Build.0 = Debug|Any CPU
		{E33A54A0-822C-4565-ACBE-855C8E378657}.Debug|x86.ActiveCfg = Debug|Any CPU
		{E33A54A0-822C-4565-ACBE-855C8E378657}.Debug|x86.Build.0 = Debug|Any CPU
		{E33A54A0-822C-4565-ACBE-855C8E378657}.Release|Any CPU.ActiveCfg = Release|Any CPU
		{E33A54A0-822C-4565-ACBE-855C8E378657}.Release|Any CPU.Build.0 = Release|Any CPU
		{E33A54A0-822C-4565-ACBE-855C8E378657}.Release|x64.ActiveCfg = Release|Any CPU
		{E33A54A0-822C-4565-ACBE-855C8E378657}.Release|x64.Build.0 = Release|Any CPU
		{E33A54A0-822C-4565-ACBE-855C8E378657}.Release|x86.ActiveCfg = Release|Any CPU
		{E33A54A0-822C-4565-ACBE-855C8E378657}.Release|x86.Build.0 = Release|Any CPU
		{E6C8FDA8-55D1-4929-8B9D-B94D52038B0A}.Debug|Any CPU.ActiveCfg = Debug|Any CPU
		{E6C8FDA8-55D1-4929-8B9D-B94D52038B0A}.Debug|Any CPU.Build.0 = Debug|Any CPU
		{E6C8FDA8-55D1-4929-8B9D-B94D52038B0A}.Debug|x64.ActiveCfg = Debug|Any CPU
		{E6C8FDA8-55D1-4929-8B9D-B94D52038B0A}.Debug|x64.Build.0 = Debug|Any CPU
		{E6C8FDA8-55D1-4929-8B9D-B94D52038B0A}.Debug|x86.ActiveCfg = Debug|Any CPU
		{E6C8FDA8-55D1-4929-8B9D-B94D52038B0A}.Debug|x86.Build.0 = Debug|Any CPU
		{E6C8FDA8-55D1-4929-8B9D-B94D52038B0A}.Release|Any CPU.ActiveCfg = Release|Any CPU
		{E6C8FDA8-55D1-4929-8B9D-B94D52038B0A}.Release|Any CPU.Build.0 = Release|Any CPU
		{E6C8FDA8-55D1-4929-8B9D-B94D52038B0A}.Release|x64.ActiveCfg = Release|Any CPU
		{E6C8FDA8-55D1-4929-8B9D-B94D52038B0A}.Release|x64.Build.0 = Release|Any CPU
		{E6C8FDA8-55D1-4929-8B9D-B94D52038B0A}.Release|x86.ActiveCfg = Release|Any CPU
		{E6C8FDA8-55D1-4929-8B9D-B94D52038B0A}.Release|x86.Build.0 = Release|Any CPU
		{E42244E2-95D0-4C0F-B155-A25792289715}.Debug|Any CPU.ActiveCfg = Debug|Any CPU
		{E42244E2-95D0-4C0F-B155-A25792289715}.Debug|Any CPU.Build.0 = Debug|Any CPU
		{E42244E2-95D0-4C0F-B155-A25792289715}.Debug|x64.ActiveCfg = Debug|Any CPU
		{E42244E2-95D0-4C0F-B155-A25792289715}.Debug|x64.Build.0 = Debug|Any CPU
		{E42244E2-95D0-4C0F-B155-A25792289715}.Debug|x86.ActiveCfg = Debug|Any CPU
		{E42244E2-95D0-4C0F-B155-A25792289715}.Debug|x86.Build.0 = Debug|Any CPU
		{E42244E2-95D0-4C0F-B155-A25792289715}.Release|Any CPU.ActiveCfg = Release|Any CPU
		{E42244E2-95D0-4C0F-B155-A25792289715}.Release|Any CPU.Build.0 = Release|Any CPU
		{E42244E2-95D0-4C0F-B155-A25792289715}.Release|x64.ActiveCfg = Release|Any CPU
		{E42244E2-95D0-4C0F-B155-A25792289715}.Release|x64.Build.0 = Release|Any CPU
		{E42244E2-95D0-4C0F-B155-A25792289715}.Release|x86.ActiveCfg = Release|Any CPU
		{E42244E2-95D0-4C0F-B155-A25792289715}.Release|x86.Build.0 = Release|Any CPU
		{96325F30-1784-4776-904C-C94CD3BB193B}.Debug|Any CPU.ActiveCfg = Debug|Any CPU
		{96325F30-1784-4776-904C-C94CD3BB193B}.Debug|Any CPU.Build.0 = Debug|Any CPU
		{96325F30-1784-4776-904C-C94CD3BB193B}.Debug|x64.ActiveCfg = Debug|Any CPU
		{96325F30-1784-4776-904C-C94CD3BB193B}.Debug|x64.Build.0 = Debug|Any CPU
		{96325F30-1784-4776-904C-C94CD3BB193B}.Debug|x86.ActiveCfg = Debug|Any CPU
		{96325F30-1784-4776-904C-C94CD3BB193B}.Debug|x86.Build.0 = Debug|Any CPU
		{96325F30-1784-4776-904C-C94CD3BB193B}.Release|Any CPU.ActiveCfg = Release|Any CPU
		{96325F30-1784-4776-904C-C94CD3BB193B}.Release|Any CPU.Build.0 = Release|Any CPU
		{96325F30-1784-4776-904C-C94CD3BB193B}.Release|x64.ActiveCfg = Release|Any CPU
		{96325F30-1784-4776-904C-C94CD3BB193B}.Release|x64.Build.0 = Release|Any CPU
		{96325F30-1784-4776-904C-C94CD3BB193B}.Release|x86.ActiveCfg = Release|Any CPU
		{96325F30-1784-4776-904C-C94CD3BB193B}.Release|x86.Build.0 = Release|Any CPU
		{9C564B1B-D2EB-4AD5-A39C-6A8F00662B24}.Debug|Any CPU.ActiveCfg = Debug|Any CPU
		{9C564B1B-D2EB-4AD5-A39C-6A8F00662B24}.Debug|Any CPU.Build.0 = Debug|Any CPU
		{9C564B1B-D2EB-4AD5-A39C-6A8F00662B24}.Debug|x64.ActiveCfg = Debug|Any CPU
		{9C564B1B-D2EB-4AD5-A39C-6A8F00662B24}.Debug|x64.Build.0 = Debug|Any CPU
		{9C564B1B-D2EB-4AD5-A39C-6A8F00662B24}.Debug|x86.ActiveCfg = Debug|Any CPU
		{9C564B1B-D2EB-4AD5-A39C-6A8F00662B24}.Debug|x86.Build.0 = Debug|Any CPU
		{9C564B1B-D2EB-4AD5-A39C-6A8F00662B24}.Release|Any CPU.ActiveCfg = Release|Any CPU
		{9C564B1B-D2EB-4AD5-A39C-6A8F00662B24}.Release|Any CPU.Build.0 = Release|Any CPU
		{9C564B1B-D2EB-4AD5-A39C-6A8F00662B24}.Release|x64.ActiveCfg = Release|Any CPU
		{9C564B1B-D2EB-4AD5-A39C-6A8F00662B24}.Release|x64.Build.0 = Release|Any CPU
		{9C564B1B-D2EB-4AD5-A39C-6A8F00662B24}.Release|x86.ActiveCfg = Release|Any CPU
		{9C564B1B-D2EB-4AD5-A39C-6A8F00662B24}.Release|x86.Build.0 = Release|Any CPU
		{132EE04A-1B81-409C-8775-B6DC13E5D445}.Debug|Any CPU.ActiveCfg = Debug|Any CPU
		{132EE04A-1B81-409C-8775-B6DC13E5D445}.Debug|Any CPU.Build.0 = Debug|Any CPU
		{132EE04A-1B81-409C-8775-B6DC13E5D445}.Debug|x64.ActiveCfg = Debug|Any CPU
		{132EE04A-1B81-409C-8775-B6DC13E5D445}.Debug|x64.Build.0 = Debug|Any CPU
		{132EE04A-1B81-409C-8775-B6DC13E5D445}.Debug|x86.ActiveCfg = Debug|Any CPU
		{132EE04A-1B81-409C-8775-B6DC13E5D445}.Debug|x86.Build.0 = Debug|Any CPU
		{132EE04A-1B81-409C-8775-B6DC13E5D445}.Release|Any CPU.ActiveCfg = Release|Any CPU
		{132EE04A-1B81-409C-8775-B6DC13E5D445}.Release|Any CPU.Build.0 = Release|Any CPU
		{132EE04A-1B81-409C-8775-B6DC13E5D445}.Release|x64.ActiveCfg = Release|Any CPU
		{132EE04A-1B81-409C-8775-B6DC13E5D445}.Release|x64.Build.0 = Release|Any CPU
		{132EE04A-1B81-409C-8775-B6DC13E5D445}.Release|x86.ActiveCfg = Release|Any CPU
		{132EE04A-1B81-409C-8775-B6DC13E5D445}.Release|x86.Build.0 = Release|Any CPU
		{3A0B0302-3A44-4003-8C1C-31FCE39327AE}.Debug|Any CPU.ActiveCfg = Debug|Any CPU
		{3A0B0302-3A44-4003-8C1C-31FCE39327AE}.Debug|Any CPU.Build.0 = Debug|Any CPU
		{3A0B0302-3A44-4003-8C1C-31FCE39327AE}.Debug|x64.ActiveCfg = Debug|Any CPU
		{3A0B0302-3A44-4003-8C1C-31FCE39327AE}.Debug|x64.Build.0 = Debug|Any CPU
		{3A0B0302-3A44-4003-8C1C-31FCE39327AE}.Debug|x86.ActiveCfg = Debug|Any CPU
		{3A0B0302-3A44-4003-8C1C-31FCE39327AE}.Debug|x86.Build.0 = Debug|Any CPU
		{3A0B0302-3A44-4003-8C1C-31FCE39327AE}.Release|Any CPU.ActiveCfg = Release|Any CPU
		{3A0B0302-3A44-4003-8C1C-31FCE39327AE}.Release|Any CPU.Build.0 = Release|Any CPU
		{3A0B0302-3A44-4003-8C1C-31FCE39327AE}.Release|x64.ActiveCfg = Release|Any CPU
		{3A0B0302-3A44-4003-8C1C-31FCE39327AE}.Release|x64.Build.0 = Release|Any CPU
		{3A0B0302-3A44-4003-8C1C-31FCE39327AE}.Release|x86.ActiveCfg = Release|Any CPU
		{3A0B0302-3A44-4003-8C1C-31FCE39327AE}.Release|x86.Build.0 = Release|Any CPU
		{A11EC81C-B584-4434-89A8-943396B51B6C}.Debug|Any CPU.ActiveCfg = Debug|Any CPU
		{A11EC81C-B584-4434-89A8-943396B51B6C}.Debug|Any CPU.Build.0 = Debug|Any CPU
		{A11EC81C-B584-4434-89A8-943396B51B6C}.Debug|x64.ActiveCfg = Debug|Any CPU
		{A11EC81C-B584-4434-89A8-943396B51B6C}.Debug|x64.Build.0 = Debug|Any CPU
		{A11EC81C-B584-4434-89A8-943396B51B6C}.Debug|x86.ActiveCfg = Debug|Any CPU
		{A11EC81C-B584-4434-89A8-943396B51B6C}.Debug|x86.Build.0 = Debug|Any CPU
		{A11EC81C-B584-4434-89A8-943396B51B6C}.Release|Any CPU.ActiveCfg = Release|Any CPU
		{A11EC81C-B584-4434-89A8-943396B51B6C}.Release|Any CPU.Build.0 = Release|Any CPU
		{A11EC81C-B584-4434-89A8-943396B51B6C}.Release|x64.ActiveCfg = Release|Any CPU
		{A11EC81C-B584-4434-89A8-943396B51B6C}.Release|x64.Build.0 = Release|Any CPU
		{A11EC81C-B584-4434-89A8-943396B51B6C}.Release|x86.ActiveCfg = Release|Any CPU
		{A11EC81C-B584-4434-89A8-943396B51B6C}.Release|x86.Build.0 = Release|Any CPU
		{AF7B9B6E-E3C3-4EE7-B139-76A5988C283F}.Debug|Any CPU.ActiveCfg = Debug|Any CPU
		{AF7B9B6E-E3C3-4EE7-B139-76A5988C283F}.Debug|Any CPU.Build.0 = Debug|Any CPU
		{AF7B9B6E-E3C3-4EE7-B139-76A5988C283F}.Debug|x64.ActiveCfg = Debug|Any CPU
		{AF7B9B6E-E3C3-4EE7-B139-76A5988C283F}.Debug|x64.Build.0 = Debug|Any CPU
		{AF7B9B6E-E3C3-4EE7-B139-76A5988C283F}.Debug|x86.ActiveCfg = Debug|Any CPU
		{AF7B9B6E-E3C3-4EE7-B139-76A5988C283F}.Debug|x86.Build.0 = Debug|Any CPU
		{AF7B9B6E-E3C3-4EE7-B139-76A5988C283F}.Release|Any CPU.ActiveCfg = Release|Any CPU
		{AF7B9B6E-E3C3-4EE7-B139-76A5988C283F}.Release|Any CPU.Build.0 = Release|Any CPU
		{AF7B9B6E-E3C3-4EE7-B139-76A5988C283F}.Release|x64.ActiveCfg = Release|Any CPU
		{AF7B9B6E-E3C3-4EE7-B139-76A5988C283F}.Release|x64.Build.0 = Release|Any CPU
		{AF7B9B6E-E3C3-4EE7-B139-76A5988C283F}.Release|x86.ActiveCfg = Release|Any CPU
		{AF7B9B6E-E3C3-4EE7-B139-76A5988C283F}.Release|x86.Build.0 = Release|Any CPU
		{855F08D9-BBC3-4696-B1D2-CBE136B1B210}.Debug|Any CPU.ActiveCfg = Debug|Any CPU
		{855F08D9-BBC3-4696-B1D2-CBE136B1B210}.Debug|Any CPU.Build.0 = Debug|Any CPU
		{855F08D9-BBC3-4696-B1D2-CBE136B1B210}.Debug|x64.ActiveCfg = Debug|Any CPU
		{855F08D9-BBC3-4696-B1D2-CBE136B1B210}.Debug|x64.Build.0 = Debug|Any CPU
		{855F08D9-BBC3-4696-B1D2-CBE136B1B210}.Debug|x86.ActiveCfg = Debug|Any CPU
		{855F08D9-BBC3-4696-B1D2-CBE136B1B210}.Debug|x86.Build.0 = Debug|Any CPU
		{855F08D9-BBC3-4696-B1D2-CBE136B1B210}.Release|Any CPU.ActiveCfg = Release|Any CPU
		{855F08D9-BBC3-4696-B1D2-CBE136B1B210}.Release|Any CPU.Build.0 = Release|Any CPU
		{855F08D9-BBC3-4696-B1D2-CBE136B1B210}.Release|x64.ActiveCfg = Release|Any CPU
		{855F08D9-BBC3-4696-B1D2-CBE136B1B210}.Release|x64.Build.0 = Release|Any CPU
		{855F08D9-BBC3-4696-B1D2-CBE136B1B210}.Release|x86.ActiveCfg = Release|Any CPU
		{855F08D9-BBC3-4696-B1D2-CBE136B1B210}.Release|x86.Build.0 = Release|Any CPU
		{1CC56574-5CAF-408B-A0FF-3EC3D1688C03}.Debug|Any CPU.ActiveCfg = Debug|Any CPU
		{1CC56574-5CAF-408B-A0FF-3EC3D1688C03}.Debug|Any CPU.Build.0 = Debug|Any CPU
		{1CC56574-5CAF-408B-A0FF-3EC3D1688C03}.Debug|x64.ActiveCfg = Debug|Any CPU
		{1CC56574-5CAF-408B-A0FF-3EC3D1688C03}.Debug|x64.Build.0 = Debug|Any CPU
		{1CC56574-5CAF-408B-A0FF-3EC3D1688C03}.Debug|x86.ActiveCfg = Debug|Any CPU
		{1CC56574-5CAF-408B-A0FF-3EC3D1688C03}.Debug|x86.Build.0 = Debug|Any CPU
		{1CC56574-5CAF-408B-A0FF-3EC3D1688C03}.Release|Any CPU.ActiveCfg = Release|Any CPU
		{1CC56574-5CAF-408B-A0FF-3EC3D1688C03}.Release|Any CPU.Build.0 = Release|Any CPU
		{1CC56574-5CAF-408B-A0FF-3EC3D1688C03}.Release|x64.ActiveCfg = Release|Any CPU
		{1CC56574-5CAF-408B-A0FF-3EC3D1688C03}.Release|x64.Build.0 = Release|Any CPU
		{1CC56574-5CAF-408B-A0FF-3EC3D1688C03}.Release|x86.ActiveCfg = Release|Any CPU
		{1CC56574-5CAF-408B-A0FF-3EC3D1688C03}.Release|x86.Build.0 = Release|Any CPU
		{7CE20E39-3A68-402F-AD20-0BD5E8EA62B6}.Debug|Any CPU.ActiveCfg = Debug|Any CPU
		{7CE20E39-3A68-402F-AD20-0BD5E8EA62B6}.Debug|Any CPU.Build.0 = Debug|Any CPU
		{7CE20E39-3A68-402F-AD20-0BD5E8EA62B6}.Debug|x64.ActiveCfg = Debug|Any CPU
		{7CE20E39-3A68-402F-AD20-0BD5E8EA62B6}.Debug|x64.Build.0 = Debug|Any CPU
		{7CE20E39-3A68-402F-AD20-0BD5E8EA62B6}.Debug|x86.ActiveCfg = Debug|Any CPU
		{7CE20E39-3A68-402F-AD20-0BD5E8EA62B6}.Debug|x86.Build.0 = Debug|Any CPU
		{7CE20E39-3A68-402F-AD20-0BD5E8EA62B6}.Release|Any CPU.ActiveCfg = Release|Any CPU
		{7CE20E39-3A68-402F-AD20-0BD5E8EA62B6}.Release|Any CPU.Build.0 = Release|Any CPU
		{7CE20E39-3A68-402F-AD20-0BD5E8EA62B6}.Release|x64.ActiveCfg = Release|Any CPU
		{7CE20E39-3A68-402F-AD20-0BD5E8EA62B6}.Release|x64.Build.0 = Release|Any CPU
		{7CE20E39-3A68-402F-AD20-0BD5E8EA62B6}.Release|x86.ActiveCfg = Release|Any CPU
		{7CE20E39-3A68-402F-AD20-0BD5E8EA62B6}.Release|x86.Build.0 = Release|Any CPU
		{D58AB3A2-61A7-4C21-9212-A7A9D7AAEE0D}.Debug|Any CPU.ActiveCfg = Debug|Any CPU
		{D58AB3A2-61A7-4C21-9212-A7A9D7AAEE0D}.Debug|Any CPU.Build.0 = Debug|Any CPU
		{D58AB3A2-61A7-4C21-9212-A7A9D7AAEE0D}.Debug|x64.ActiveCfg = Debug|Any CPU
		{D58AB3A2-61A7-4C21-9212-A7A9D7AAEE0D}.Debug|x64.Build.0 = Debug|Any CPU
		{D58AB3A2-61A7-4C21-9212-A7A9D7AAEE0D}.Debug|x86.ActiveCfg = Debug|Any CPU
		{D58AB3A2-61A7-4C21-9212-A7A9D7AAEE0D}.Debug|x86.Build.0 = Debug|Any CPU
		{D58AB3A2-61A7-4C21-9212-A7A9D7AAEE0D}.Release|Any CPU.ActiveCfg = Release|Any CPU
		{D58AB3A2-61A7-4C21-9212-A7A9D7AAEE0D}.Release|Any CPU.Build.0 = Release|Any CPU
		{D58AB3A2-61A7-4C21-9212-A7A9D7AAEE0D}.Release|x64.ActiveCfg = Release|Any CPU
		{D58AB3A2-61A7-4C21-9212-A7A9D7AAEE0D}.Release|x64.Build.0 = Release|Any CPU
		{D58AB3A2-61A7-4C21-9212-A7A9D7AAEE0D}.Release|x86.ActiveCfg = Release|Any CPU
		{D58AB3A2-61A7-4C21-9212-A7A9D7AAEE0D}.Release|x86.Build.0 = Release|Any CPU
		{F59BC93E-C2E8-44F7-9224-E951A88B0D31}.Debug|Any CPU.ActiveCfg = Debug|Any CPU
		{F59BC93E-C2E8-44F7-9224-E951A88B0D31}.Debug|Any CPU.Build.0 = Debug|Any CPU
		{F59BC93E-C2E8-44F7-9224-E951A88B0D31}.Debug|x64.ActiveCfg = Debug|Any CPU
		{F59BC93E-C2E8-44F7-9224-E951A88B0D31}.Debug|x64.Build.0 = Debug|Any CPU
		{F59BC93E-C2E8-44F7-9224-E951A88B0D31}.Debug|x86.ActiveCfg = Debug|Any CPU
		{F59BC93E-C2E8-44F7-9224-E951A88B0D31}.Debug|x86.Build.0 = Debug|Any CPU
		{F59BC93E-C2E8-44F7-9224-E951A88B0D31}.Release|Any CPU.ActiveCfg = Release|Any CPU
		{F59BC93E-C2E8-44F7-9224-E951A88B0D31}.Release|Any CPU.Build.0 = Release|Any CPU
		{F59BC93E-C2E8-44F7-9224-E951A88B0D31}.Release|x64.ActiveCfg = Release|Any CPU
		{F59BC93E-C2E8-44F7-9224-E951A88B0D31}.Release|x64.Build.0 = Release|Any CPU
		{F59BC93E-C2E8-44F7-9224-E951A88B0D31}.Release|x86.ActiveCfg = Release|Any CPU
		{F59BC93E-C2E8-44F7-9224-E951A88B0D31}.Release|x86.Build.0 = Release|Any CPU
		{3F7A65DE-2A6B-4F93-A7E7-13FA2949ABC8}.Debug|Any CPU.ActiveCfg = Debug|Any CPU
		{3F7A65DE-2A6B-4F93-A7E7-13FA2949ABC8}.Debug|Any CPU.Build.0 = Debug|Any CPU
		{3F7A65DE-2A6B-4F93-A7E7-13FA2949ABC8}.Debug|x64.ActiveCfg = Debug|Any CPU
		{3F7A65DE-2A6B-4F93-A7E7-13FA2949ABC8}.Debug|x64.Build.0 = Debug|Any CPU
		{3F7A65DE-2A6B-4F93-A7E7-13FA2949ABC8}.Debug|x86.ActiveCfg = Debug|Any CPU
		{3F7A65DE-2A6B-4F93-A7E7-13FA2949ABC8}.Debug|x86.Build.0 = Debug|Any CPU
		{3F7A65DE-2A6B-4F93-A7E7-13FA2949ABC8}.Release|Any CPU.ActiveCfg = Release|Any CPU
		{3F7A65DE-2A6B-4F93-A7E7-13FA2949ABC8}.Release|Any CPU.Build.0 = Release|Any CPU
		{3F7A65DE-2A6B-4F93-A7E7-13FA2949ABC8}.Release|x64.ActiveCfg = Release|Any CPU
		{3F7A65DE-2A6B-4F93-A7E7-13FA2949ABC8}.Release|x64.Build.0 = Release|Any CPU
		{3F7A65DE-2A6B-4F93-A7E7-13FA2949ABC8}.Release|x86.ActiveCfg = Release|Any CPU
		{3F7A65DE-2A6B-4F93-A7E7-13FA2949ABC8}.Release|x86.Build.0 = Release|Any CPU
		{010BAE58-15A9-4CE1-8C1B-2B349884AEDB}.Debug|Any CPU.ActiveCfg = Debug|Any CPU
		{010BAE58-15A9-4CE1-8C1B-2B349884AEDB}.Debug|Any CPU.Build.0 = Debug|Any CPU
		{010BAE58-15A9-4CE1-8C1B-2B349884AEDB}.Debug|x64.ActiveCfg = Debug|Any CPU
		{010BAE58-15A9-4CE1-8C1B-2B349884AEDB}.Debug|x64.Build.0 = Debug|Any CPU
		{010BAE58-15A9-4CE1-8C1B-2B349884AEDB}.Debug|x86.ActiveCfg = Debug|Any CPU
		{010BAE58-15A9-4CE1-8C1B-2B349884AEDB}.Debug|x86.Build.0 = Debug|Any CPU
		{010BAE58-15A9-4CE1-8C1B-2B349884AEDB}.Release|Any CPU.ActiveCfg = Release|Any CPU
		{010BAE58-15A9-4CE1-8C1B-2B349884AEDB}.Release|Any CPU.Build.0 = Release|Any CPU
		{010BAE58-15A9-4CE1-8C1B-2B349884AEDB}.Release|x64.ActiveCfg = Release|Any CPU
		{010BAE58-15A9-4CE1-8C1B-2B349884AEDB}.Release|x64.Build.0 = Release|Any CPU
		{010BAE58-15A9-4CE1-8C1B-2B349884AEDB}.Release|x86.ActiveCfg = Release|Any CPU
		{010BAE58-15A9-4CE1-8C1B-2B349884AEDB}.Release|x86.Build.0 = Release|Any CPU
		{71B9D7E4-1FCD-4FCB-8F37-17BE3BBAFEBF}.Debug|Any CPU.ActiveCfg = Debug|Any CPU
		{71B9D7E4-1FCD-4FCB-8F37-17BE3BBAFEBF}.Debug|Any CPU.Build.0 = Debug|Any CPU
		{71B9D7E4-1FCD-4FCB-8F37-17BE3BBAFEBF}.Debug|x64.ActiveCfg = Debug|Any CPU
		{71B9D7E4-1FCD-4FCB-8F37-17BE3BBAFEBF}.Debug|x64.Build.0 = Debug|Any CPU
		{71B9D7E4-1FCD-4FCB-8F37-17BE3BBAFEBF}.Debug|x86.ActiveCfg = Debug|Any CPU
		{71B9D7E4-1FCD-4FCB-8F37-17BE3BBAFEBF}.Debug|x86.Build.0 = Debug|Any CPU
		{71B9D7E4-1FCD-4FCB-8F37-17BE3BBAFEBF}.Release|Any CPU.ActiveCfg = Release|Any CPU
		{71B9D7E4-1FCD-4FCB-8F37-17BE3BBAFEBF}.Release|Any CPU.Build.0 = Release|Any CPU
		{71B9D7E4-1FCD-4FCB-8F37-17BE3BBAFEBF}.Release|x64.ActiveCfg = Release|Any CPU
		{71B9D7E4-1FCD-4FCB-8F37-17BE3BBAFEBF}.Release|x64.Build.0 = Release|Any CPU
		{71B9D7E4-1FCD-4FCB-8F37-17BE3BBAFEBF}.Release|x86.ActiveCfg = Release|Any CPU
		{71B9D7E4-1FCD-4FCB-8F37-17BE3BBAFEBF}.Release|x86.Build.0 = Release|Any CPU
		{0CEAB622-FF22-4688-9725-C0F994339029}.Debug|Any CPU.ActiveCfg = Debug|Any CPU
		{0CEAB622-FF22-4688-9725-C0F994339029}.Debug|Any CPU.Build.0 = Debug|Any CPU
		{0CEAB622-FF22-4688-9725-C0F994339029}.Debug|x64.ActiveCfg = Debug|Any CPU
		{0CEAB622-FF22-4688-9725-C0F994339029}.Debug|x64.Build.0 = Debug|Any CPU
		{0CEAB622-FF22-4688-9725-C0F994339029}.Debug|x86.ActiveCfg = Debug|Any CPU
		{0CEAB622-FF22-4688-9725-C0F994339029}.Debug|x86.Build.0 = Debug|Any CPU
		{0CEAB622-FF22-4688-9725-C0F994339029}.Release|Any CPU.ActiveCfg = Release|Any CPU
		{0CEAB622-FF22-4688-9725-C0F994339029}.Release|Any CPU.Build.0 = Release|Any CPU
		{0CEAB622-FF22-4688-9725-C0F994339029}.Release|x64.ActiveCfg = Release|Any CPU
		{0CEAB622-FF22-4688-9725-C0F994339029}.Release|x64.Build.0 = Release|Any CPU
		{0CEAB622-FF22-4688-9725-C0F994339029}.Release|x86.ActiveCfg = Release|Any CPU
		{0CEAB622-FF22-4688-9725-C0F994339029}.Release|x86.Build.0 = Release|Any CPU
		{D9D59E45-DBBD-4B22-9D47-C1E928D6E35B}.Debug|Any CPU.ActiveCfg = Debug|Any CPU
		{D9D59E45-DBBD-4B22-9D47-C1E928D6E35B}.Debug|Any CPU.Build.0 = Debug|Any CPU
		{D9D59E45-DBBD-4B22-9D47-C1E928D6E35B}.Debug|x64.ActiveCfg = Debug|Any CPU
		{D9D59E45-DBBD-4B22-9D47-C1E928D6E35B}.Debug|x64.Build.0 = Debug|Any CPU
		{D9D59E45-DBBD-4B22-9D47-C1E928D6E35B}.Debug|x86.ActiveCfg = Debug|Any CPU
		{D9D59E45-DBBD-4B22-9D47-C1E928D6E35B}.Debug|x86.Build.0 = Debug|Any CPU
		{D9D59E45-DBBD-4B22-9D47-C1E928D6E35B}.Release|Any CPU.ActiveCfg = Release|Any CPU
		{D9D59E45-DBBD-4B22-9D47-C1E928D6E35B}.Release|Any CPU.Build.0 = Release|Any CPU
		{D9D59E45-DBBD-4B22-9D47-C1E928D6E35B}.Release|x64.ActiveCfg = Release|Any CPU
		{D9D59E45-DBBD-4B22-9D47-C1E928D6E35B}.Release|x64.Build.0 = Release|Any CPU
		{D9D59E45-DBBD-4B22-9D47-C1E928D6E35B}.Release|x86.ActiveCfg = Release|Any CPU
		{D9D59E45-DBBD-4B22-9D47-C1E928D6E35B}.Release|x86.Build.0 = Release|Any CPU
		{1E98CD42-1110-47BA-9AB6-CB673A26C0D4}.Debug|Any CPU.ActiveCfg = Debug|Any CPU
		{1E98CD42-1110-47BA-9AB6-CB673A26C0D4}.Debug|Any CPU.Build.0 = Debug|Any CPU
		{1E98CD42-1110-47BA-9AB6-CB673A26C0D4}.Debug|x64.ActiveCfg = Debug|Any CPU
		{1E98CD42-1110-47BA-9AB6-CB673A26C0D4}.Debug|x64.Build.0 = Debug|Any CPU
		{1E98CD42-1110-47BA-9AB6-CB673A26C0D4}.Debug|x86.ActiveCfg = Debug|Any CPU
		{1E98CD42-1110-47BA-9AB6-CB673A26C0D4}.Debug|x86.Build.0 = Debug|Any CPU
		{1E98CD42-1110-47BA-9AB6-CB673A26C0D4}.Release|Any CPU.ActiveCfg = Release|Any CPU
		{1E98CD42-1110-47BA-9AB6-CB673A26C0D4}.Release|Any CPU.Build.0 = Release|Any CPU
		{1E98CD42-1110-47BA-9AB6-CB673A26C0D4}.Release|x64.ActiveCfg = Release|Any CPU
		{1E98CD42-1110-47BA-9AB6-CB673A26C0D4}.Release|x64.Build.0 = Release|Any CPU
		{1E98CD42-1110-47BA-9AB6-CB673A26C0D4}.Release|x86.ActiveCfg = Release|Any CPU
		{1E98CD42-1110-47BA-9AB6-CB673A26C0D4}.Release|x86.Build.0 = Release|Any CPU
		{CCDE3E69-CD1A-4B03-A58A-2EF6F4E1C8DE}.Debug|Any CPU.ActiveCfg = Debug|Any CPU
		{CCDE3E69-CD1A-4B03-A58A-2EF6F4E1C8DE}.Debug|Any CPU.Build.0 = Debug|Any CPU
		{CCDE3E69-CD1A-4B03-A58A-2EF6F4E1C8DE}.Debug|x64.ActiveCfg = Debug|Any CPU
		{CCDE3E69-CD1A-4B03-A58A-2EF6F4E1C8DE}.Debug|x64.Build.0 = Debug|Any CPU
		{CCDE3E69-CD1A-4B03-A58A-2EF6F4E1C8DE}.Debug|x86.ActiveCfg = Debug|Any CPU
		{CCDE3E69-CD1A-4B03-A58A-2EF6F4E1C8DE}.Debug|x86.Build.0 = Debug|Any CPU
		{CCDE3E69-CD1A-4B03-A58A-2EF6F4E1C8DE}.Release|Any CPU.ActiveCfg = Release|Any CPU
		{CCDE3E69-CD1A-4B03-A58A-2EF6F4E1C8DE}.Release|Any CPU.Build.0 = Release|Any CPU
		{CCDE3E69-CD1A-4B03-A58A-2EF6F4E1C8DE}.Release|x64.ActiveCfg = Release|Any CPU
		{CCDE3E69-CD1A-4B03-A58A-2EF6F4E1C8DE}.Release|x64.Build.0 = Release|Any CPU
		{CCDE3E69-CD1A-4B03-A58A-2EF6F4E1C8DE}.Release|x86.ActiveCfg = Release|Any CPU
		{CCDE3E69-CD1A-4B03-A58A-2EF6F4E1C8DE}.Release|x86.Build.0 = Release|Any CPU
		{8189D054-9FE0-4290-B8E4-C78DA52B8AAD}.Debug|Any CPU.ActiveCfg = Debug|Any CPU
		{8189D054-9FE0-4290-B8E4-C78DA52B8AAD}.Debug|Any CPU.Build.0 = Debug|Any CPU
		{8189D054-9FE0-4290-B8E4-C78DA52B8AAD}.Debug|x64.ActiveCfg = Debug|Any CPU
		{8189D054-9FE0-4290-B8E4-C78DA52B8AAD}.Debug|x64.Build.0 = Debug|Any CPU
		{8189D054-9FE0-4290-B8E4-C78DA52B8AAD}.Debug|x86.ActiveCfg = Debug|Any CPU
		{8189D054-9FE0-4290-B8E4-C78DA52B8AAD}.Debug|x86.Build.0 = Debug|Any CPU
		{8189D054-9FE0-4290-B8E4-C78DA52B8AAD}.Release|Any CPU.ActiveCfg = Release|Any CPU
		{8189D054-9FE0-4290-B8E4-C78DA52B8AAD}.Release|Any CPU.Build.0 = Release|Any CPU
		{8189D054-9FE0-4290-B8E4-C78DA52B8AAD}.Release|x64.ActiveCfg = Release|Any CPU
		{8189D054-9FE0-4290-B8E4-C78DA52B8AAD}.Release|x64.Build.0 = Release|Any CPU
		{8189D054-9FE0-4290-B8E4-C78DA52B8AAD}.Release|x86.ActiveCfg = Release|Any CPU
		{8189D054-9FE0-4290-B8E4-C78DA52B8AAD}.Release|x86.Build.0 = Release|Any CPU
		{59D66AAA-FE8F-4DF3-A52B-11B09A117934}.Debug|Any CPU.ActiveCfg = Debug|Any CPU
		{59D66AAA-FE8F-4DF3-A52B-11B09A117934}.Debug|Any CPU.Build.0 = Debug|Any CPU
		{59D66AAA-FE8F-4DF3-A52B-11B09A117934}.Debug|x64.ActiveCfg = Debug|Any CPU
		{59D66AAA-FE8F-4DF3-A52B-11B09A117934}.Debug|x64.Build.0 = Debug|Any CPU
		{59D66AAA-FE8F-4DF3-A52B-11B09A117934}.Debug|x86.ActiveCfg = Debug|Any CPU
		{59D66AAA-FE8F-4DF3-A52B-11B09A117934}.Debug|x86.Build.0 = Debug|Any CPU
		{59D66AAA-FE8F-4DF3-A52B-11B09A117934}.Release|Any CPU.ActiveCfg = Release|Any CPU
		{59D66AAA-FE8F-4DF3-A52B-11B09A117934}.Release|Any CPU.Build.0 = Release|Any CPU
		{59D66AAA-FE8F-4DF3-A52B-11B09A117934}.Release|x64.ActiveCfg = Release|Any CPU
		{59D66AAA-FE8F-4DF3-A52B-11B09A117934}.Release|x64.Build.0 = Release|Any CPU
		{59D66AAA-FE8F-4DF3-A52B-11B09A117934}.Release|x86.ActiveCfg = Release|Any CPU
		{59D66AAA-FE8F-4DF3-A52B-11B09A117934}.Release|x86.Build.0 = Release|Any CPU
		{EF0CD81D-CB7E-410E-BD4B-708F9F71DA8C}.Debug|Any CPU.ActiveCfg = Debug|Any CPU
		{EF0CD81D-CB7E-410E-BD4B-708F9F71DA8C}.Debug|Any CPU.Build.0 = Debug|Any CPU
		{EF0CD81D-CB7E-410E-BD4B-708F9F71DA8C}.Debug|x64.ActiveCfg = Debug|Any CPU
		{EF0CD81D-CB7E-410E-BD4B-708F9F71DA8C}.Debug|x64.Build.0 = Debug|Any CPU
		{EF0CD81D-CB7E-410E-BD4B-708F9F71DA8C}.Debug|x86.ActiveCfg = Debug|Any CPU
		{EF0CD81D-CB7E-410E-BD4B-708F9F71DA8C}.Debug|x86.Build.0 = Debug|Any CPU
		{EF0CD81D-CB7E-410E-BD4B-708F9F71DA8C}.Release|Any CPU.ActiveCfg = Release|Any CPU
		{EF0CD81D-CB7E-410E-BD4B-708F9F71DA8C}.Release|Any CPU.Build.0 = Release|Any CPU
		{EF0CD81D-CB7E-410E-BD4B-708F9F71DA8C}.Release|x64.ActiveCfg = Release|Any CPU
		{EF0CD81D-CB7E-410E-BD4B-708F9F71DA8C}.Release|x64.Build.0 = Release|Any CPU
		{EF0CD81D-CB7E-410E-BD4B-708F9F71DA8C}.Release|x86.ActiveCfg = Release|Any CPU
		{EF0CD81D-CB7E-410E-BD4B-708F9F71DA8C}.Release|x86.Build.0 = Release|Any CPU
		{A3B4AC9F-7E4E-446C-AA6B-079F66407908}.Debug|Any CPU.ActiveCfg = Debug|Any CPU
		{A3B4AC9F-7E4E-446C-AA6B-079F66407908}.Debug|Any CPU.Build.0 = Debug|Any CPU
		{A3B4AC9F-7E4E-446C-AA6B-079F66407908}.Debug|x64.ActiveCfg = Debug|Any CPU
		{A3B4AC9F-7E4E-446C-AA6B-079F66407908}.Debug|x64.Build.0 = Debug|Any CPU
		{A3B4AC9F-7E4E-446C-AA6B-079F66407908}.Debug|x86.ActiveCfg = Debug|Any CPU
		{A3B4AC9F-7E4E-446C-AA6B-079F66407908}.Debug|x86.Build.0 = Debug|Any CPU
		{A3B4AC9F-7E4E-446C-AA6B-079F66407908}.Release|Any CPU.ActiveCfg = Release|Any CPU
		{A3B4AC9F-7E4E-446C-AA6B-079F66407908}.Release|Any CPU.Build.0 = Release|Any CPU
		{A3B4AC9F-7E4E-446C-AA6B-079F66407908}.Release|x64.ActiveCfg = Release|Any CPU
		{A3B4AC9F-7E4E-446C-AA6B-079F66407908}.Release|x64.Build.0 = Release|Any CPU
		{A3B4AC9F-7E4E-446C-AA6B-079F66407908}.Release|x86.ActiveCfg = Release|Any CPU
		{A3B4AC9F-7E4E-446C-AA6B-079F66407908}.Release|x86.Build.0 = Release|Any CPU
		{18548448-8239-4239-92F2-2EB721680BE0}.Debug|Any CPU.ActiveCfg = Debug|Any CPU
		{18548448-8239-4239-92F2-2EB721680BE0}.Debug|Any CPU.Build.0 = Debug|Any CPU
		{18548448-8239-4239-92F2-2EB721680BE0}.Debug|x64.ActiveCfg = Debug|Any CPU
		{18548448-8239-4239-92F2-2EB721680BE0}.Debug|x64.Build.0 = Debug|Any CPU
		{18548448-8239-4239-92F2-2EB721680BE0}.Debug|x86.ActiveCfg = Debug|Any CPU
		{18548448-8239-4239-92F2-2EB721680BE0}.Debug|x86.Build.0 = Debug|Any CPU
		{18548448-8239-4239-92F2-2EB721680BE0}.Release|Any CPU.ActiveCfg = Release|Any CPU
		{18548448-8239-4239-92F2-2EB721680BE0}.Release|Any CPU.Build.0 = Release|Any CPU
		{18548448-8239-4239-92F2-2EB721680BE0}.Release|x64.ActiveCfg = Release|Any CPU
		{18548448-8239-4239-92F2-2EB721680BE0}.Release|x64.Build.0 = Release|Any CPU
		{18548448-8239-4239-92F2-2EB721680BE0}.Release|x86.ActiveCfg = Release|Any CPU
		{18548448-8239-4239-92F2-2EB721680BE0}.Release|x86.Build.0 = Release|Any CPU
		{EFB918F6-CD9E-4E7D-9AF0-4F788CBDCB54}.Debug|Any CPU.ActiveCfg = Debug|Any CPU
		{EFB918F6-CD9E-4E7D-9AF0-4F788CBDCB54}.Debug|Any CPU.Build.0 = Debug|Any CPU
		{EFB918F6-CD9E-4E7D-9AF0-4F788CBDCB54}.Debug|x64.ActiveCfg = Debug|Any CPU
		{EFB918F6-CD9E-4E7D-9AF0-4F788CBDCB54}.Debug|x64.Build.0 = Debug|Any CPU
		{EFB918F6-CD9E-4E7D-9AF0-4F788CBDCB54}.Debug|x86.ActiveCfg = Debug|Any CPU
		{EFB918F6-CD9E-4E7D-9AF0-4F788CBDCB54}.Debug|x86.Build.0 = Debug|Any CPU
		{EFB918F6-CD9E-4E7D-9AF0-4F788CBDCB54}.Release|Any CPU.ActiveCfg = Release|Any CPU
		{EFB918F6-CD9E-4E7D-9AF0-4F788CBDCB54}.Release|Any CPU.Build.0 = Release|Any CPU
		{EFB918F6-CD9E-4E7D-9AF0-4F788CBDCB54}.Release|x64.ActiveCfg = Release|Any CPU
		{EFB918F6-CD9E-4E7D-9AF0-4F788CBDCB54}.Release|x64.Build.0 = Release|Any CPU
		{EFB918F6-CD9E-4E7D-9AF0-4F788CBDCB54}.Release|x86.ActiveCfg = Release|Any CPU
		{EFB918F6-CD9E-4E7D-9AF0-4F788CBDCB54}.Release|x86.Build.0 = Release|Any CPU
		{F3595970-557E-43DE-BA60-78E04DF7B45B}.Debug|Any CPU.ActiveCfg = Debug|Any CPU
		{F3595970-557E-43DE-BA60-78E04DF7B45B}.Debug|Any CPU.Build.0 = Debug|Any CPU
		{F3595970-557E-43DE-BA60-78E04DF7B45B}.Debug|x64.ActiveCfg = Debug|Any CPU
		{F3595970-557E-43DE-BA60-78E04DF7B45B}.Debug|x64.Build.0 = Debug|Any CPU
		{F3595970-557E-43DE-BA60-78E04DF7B45B}.Debug|x86.ActiveCfg = Debug|Any CPU
		{F3595970-557E-43DE-BA60-78E04DF7B45B}.Debug|x86.Build.0 = Debug|Any CPU
		{F3595970-557E-43DE-BA60-78E04DF7B45B}.Release|Any CPU.ActiveCfg = Release|Any CPU
		{F3595970-557E-43DE-BA60-78E04DF7B45B}.Release|Any CPU.Build.0 = Release|Any CPU
		{F3595970-557E-43DE-BA60-78E04DF7B45B}.Release|x64.ActiveCfg = Release|Any CPU
		{F3595970-557E-43DE-BA60-78E04DF7B45B}.Release|x64.Build.0 = Release|Any CPU
		{F3595970-557E-43DE-BA60-78E04DF7B45B}.Release|x86.ActiveCfg = Release|Any CPU
		{F3595970-557E-43DE-BA60-78E04DF7B45B}.Release|x86.Build.0 = Release|Any CPU
	EndGlobalSection
	GlobalSection(SolutionProperties) = preSolution
		HideSolutionNode = FALSE
	EndGlobalSection
	GlobalSection(NestedProjects) = preSolution
		{D5797F93-CB0F-4EFA-A9DD-3A08667FF40D} = {456F164D-8249-4DFB-8848-30A60ED7CC8F}
		{3BBDD564-7B90-45A5-B7DF-54B8D6813868} = {456F164D-8249-4DFB-8848-30A60ED7CC8F}
		{F5571090-3CAD-45C3-A1EA-6FC202DFBFB3} = {456F164D-8249-4DFB-8848-30A60ED7CC8F}
		{583429AD-59EA-415D-8A2F-95608F8A5293} = {456F164D-8249-4DFB-8848-30A60ED7CC8F}
		{29BB146A-4BD1-4BDE-B3E4-E4962DFB4A0D} = {456F164D-8249-4DFB-8848-30A60ED7CC8F}
		{D9258707-DD2F-4754-B26E-FF1345F73B3B} = {456F164D-8249-4DFB-8848-30A60ED7CC8F}
		{E33A54A0-822C-4565-ACBE-855C8E378657} = {456F164D-8249-4DFB-8848-30A60ED7CC8F}
		{E6C8FDA8-55D1-4929-8B9D-B94D52038B0A} = {456F164D-8249-4DFB-8848-30A60ED7CC8F}
		{E42244E2-95D0-4C0F-B155-A25792289715} = {456F164D-8249-4DFB-8848-30A60ED7CC8F}
		{96325F30-1784-4776-904C-C94CD3BB193B} = {456F164D-8249-4DFB-8848-30A60ED7CC8F}
		{9C564B1B-D2EB-4AD5-A39C-6A8F00662B24} = {456F164D-8249-4DFB-8848-30A60ED7CC8F}
		{132EE04A-1B81-409C-8775-B6DC13E5D445} = {456F164D-8249-4DFB-8848-30A60ED7CC8F}
		{AF7B9B6E-E3C3-4EE7-B139-76A5988C283F} = {456F164D-8249-4DFB-8848-30A60ED7CC8F}
		{855F08D9-BBC3-4696-B1D2-CBE136B1B210} = {456F164D-8249-4DFB-8848-30A60ED7CC8F}
		{1CC56574-5CAF-408B-A0FF-3EC3D1688C03} = {456F164D-8249-4DFB-8848-30A60ED7CC8F}
		{7CE20E39-3A68-402F-AD20-0BD5E8EA62B6} = {456F164D-8249-4DFB-8848-30A60ED7CC8F}
		{D58AB3A2-61A7-4C21-9212-A7A9D7AAEE0D} = {456F164D-8249-4DFB-8848-30A60ED7CC8F}
		{F59BC93E-C2E8-44F7-9224-E951A88B0D31} = {456F164D-8249-4DFB-8848-30A60ED7CC8F}
		{3F7A65DE-2A6B-4F93-A7E7-13FA2949ABC8} = {456F164D-8249-4DFB-8848-30A60ED7CC8F}
		{010BAE58-15A9-4CE1-8C1B-2B349884AEDB} = {456F164D-8249-4DFB-8848-30A60ED7CC8F}
		{71B9D7E4-1FCD-4FCB-8F37-17BE3BBAFEBF} = {456F164D-8249-4DFB-8848-30A60ED7CC8F}
		{0CEAB622-FF22-4688-9725-C0F994339029} = {456F164D-8249-4DFB-8848-30A60ED7CC8F}
		{D9D59E45-DBBD-4B22-9D47-C1E928D6E35B} = {456F164D-8249-4DFB-8848-30A60ED7CC8F}
		{1E98CD42-1110-47BA-9AB6-CB673A26C0D4} = {456F164D-8249-4DFB-8848-30A60ED7CC8F}
		{CCDE3E69-CD1A-4B03-A58A-2EF6F4E1C8DE} = {456F164D-8249-4DFB-8848-30A60ED7CC8F}
		{8189D054-9FE0-4290-B8E4-C78DA52B8AAD} = {456F164D-8249-4DFB-8848-30A60ED7CC8F}
		{59D66AAA-FE8F-4DF3-A52B-11B09A117934} = {456F164D-8249-4DFB-8848-30A60ED7CC8F}
		{EF0CD81D-CB7E-410E-BD4B-708F9F71DA8C} = {456F164D-8249-4DFB-8848-30A60ED7CC8F}
		{A3B4AC9F-7E4E-446C-AA6B-079F66407908} = {456F164D-8249-4DFB-8848-30A60ED7CC8F}
		{18548448-8239-4239-92F2-2EB721680BE0} = {456F164D-8249-4DFB-8848-30A60ED7CC8F}
		{EFB918F6-CD9E-4E7D-9AF0-4F788CBDCB54} = {456F164D-8249-4DFB-8848-30A60ED7CC8F}
		{F3595970-557E-43DE-BA60-78E04DF7B45B} = {456F164D-8249-4DFB-8848-30A60ED7CC8F}
	EndGlobalSection
	GlobalSection(ExtensibilityGlobals) = postSolution
		SolutionGuid = {4EB2C9EA-D51F-4521-96DD-62C5021827D9}
	EndGlobalSection
EndGlobal
