
Microsoft Visual Studio Solution File, Format Version 12.00
# Visual Studio Version 16
VisualStudioVersion = 16.6.30114.105
MinimumVisualStudioVersion = 10.0.40219.1
Project("{9A19103F-16F7-4668-BE54-9A1E7A4F7556}") = "R5T.D0036.Base", "R5T.D0036.Base\R5T.D0036.Base.csproj", "{23D39316-018D-4133-BCA2-EC82C2F53CE1}"
EndProject
Project("{2150E333-8FDC-42A3-9474-1A3956D46DE8}") = "_Dependencies", "_Dependencies", "{456F164D-8249-4DFB-8848-30A60ED7CC8F}"
EndProject
Project("{9A19103F-16F7-4668-BE54-9A1E7A4F7556}") = "R5T.T0010", "..\..\R5T.T0010\source\R5T.T0010\R5T.T0010.csproj", "{D5797F93-CB0F-4EFA-A9DD-3A08667FF40D}"
EndProject
Project("{9A19103F-16F7-4668-BE54-9A1E7A4F7556}") = "R5T.Stagira", "..\..\R5T.Stagira\source\R5T.Stagira\R5T.Stagira.csproj", "{3BBDD564-7B90-45A5-B7DF-54B8D6813868}"
EndProject
Project("{9A19103F-16F7-4668-BE54-9A1E7A4F7556}") = "R5T.Dacia.Extensions", "..\..\R5T.Dacia.Extensions\source\R5T.Dacia.Extensions\R5T.Dacia.Extensions.csproj", "{29BB146A-4BD1-4BDE-B3E4-E4962DFB4A0D}"
EndProject
Project("{9A19103F-16F7-4668-BE54-9A1E7A4F7556}") = "R5T.Dacia", "..\..\R5T.Dacia\source\R5T.Dacia\R5T.Dacia.csproj", "{D9258707-DD2F-4754-B26E-FF1345F73B3B}"
EndProject
Project("{9A19103F-16F7-4668-BE54-9A1E7A4F7556}") = "R5T.D0037.Base", "..\..\R5T.D0037\source\R5T.D0037.Base\R5T.D0037.Base.csproj", "{132EE04A-1B81-409C-8775-B6DC13E5D445}"
EndProject
Project("{9A19103F-16F7-4668-BE54-9A1E7A4F7556}") = "R5T.D0036.D0037", "R5T.D0036.D0037\R5T.D0036.D0037.csproj", "{3A0B0302-3A44-4003-8C1C-31FCE39327AE}"
EndProject
Project("{9A19103F-16F7-4668-BE54-9A1E7A4F7556}") = "R5T.Magyar", "..\..\R5T.Magyar\source\R5T.Magyar\R5T.Magyar.csproj", "{AF7B9B6E-E3C3-4EE7-B139-76A5988C283F}"
EndProject
Project("{9A19103F-16F7-4668-BE54-9A1E7A4F7556}") = "R5T.T0064", "..\..\R5T.T0064\source\R5T.T0064\R5T.T0064.csproj", "{DB4A26CB-4A8F-42A3-9DF4-4F92CBD78734}"
EndProject
Global
	GlobalSection(SolutionConfigurationPlatforms) = preSolution
		Debug|Any CPU = Debug|Any CPU
		Debug|x64 = Debug|x64
		Debug|x86 = Debug|x86
		Release|Any CPU = Release|Any CPU
		Release|x64 = Release|x64
		Release|x86 = Release|x86
	EndGlobalSection
	GlobalSection(ProjectConfigurationPlatforms) = postSolution
		{23D39316-018D-4133-BCA2-EC82C2F53CE1}.Debug|Any CPU.ActiveCfg = Debug|Any CPU
		{23D39316-018D-4133-BCA2-EC82C2F53CE1}.Debug|Any CPU.Build.0 = Debug|Any CPU
		{23D39316-018D-4133-BCA2-EC82C2F53CE1}.Debug|x64.ActiveCfg = Debug|Any CPU
		{23D39316-018D-4133-BCA2-EC82C2F53CE1}.Debug|x64.Build.0 = Debug|Any CPU
		{23D39316-018D-4133-BCA2-EC82C2F53CE1}.Debug|x86.ActiveCfg = Debug|Any CPU
		{23D39316-018D-4133-BCA2-EC82C2F53CE1}.Debug|x86.Build.0 = Debug|Any CPU
		{23D39316-018D-4133-BCA2-EC82C2F53CE1}.Release|Any CPU.ActiveCfg = Release|Any CPU
		{23D39316-018D-4133-BCA2-EC82C2F53CE1}.Release|Any CPU.Build.0 = Release|Any CPU
		{23D39316-018D-4133-BCA2-EC82C2F53CE1}.Release|x64.ActiveCfg = Release|Any CPU
		{23D39316-018D-4133-BCA2-EC82C2F53CE1}.Release|x64.Build.0 = Release|Any CPU
		{23D39316-018D-4133-BCA2-EC82C2F53CE1}.Release|x86.ActiveCfg = Release|Any CPU
		{23D39316-018D-4133-BCA2-EC82C2F53CE1}.Release|x86.Build.0 = Release|Any CPU
		{D5797F93-CB0F-4EFA-A9DD-3A08667FF40D}.Debug|Any CPU.ActiveCfg = Debug|Any CPU
		{D5797F93-CB0F-4EFA-A9DD-3A08667FF40D}.Debug|Any CPU.Build.0 = Debug|Any CPU
		{D5797F93-CB0F-4EFA-A9DD-3A08667FF40D}.Debug|x64.ActiveCfg = Debug|Any CPU
		{D5797F93-CB0F-4EFA-A9DD-3A08667FF40D}.Debug|x64.Build.0 = Debug|Any CPU
		{D5797F93-CB0F-4EFA-A9DD-3A08667FF40D}.Debug|x86.ActiveCfg = Debug|Any CPU
		{D5797F93-CB0F-4EFA-A9DD-3A08667FF40D}.Debug|x86.Build.0 = Debug|Any CPU
		{D5797F93-CB0F-4EFA-A9DD-3A08667FF40D}.Release|Any CPU.ActiveCfg = Release|Any CPU
		{D5797F93-CB0F-4EFA-A9DD-3A08667FF40D}.Release|Any CPU.Build.0 = Release|Any CPU
		{D5797F93-CB0F-4EFA-A9DD-3A08667FF40D}.Release|x64.ActiveCfg = Release|Any CPU
		{D5797F93-CB0F-4EFA-A9DD-3A08667FF40D}.Release|x64.Build.0 = Release|Any CPU
		{D5797F93-CB0F-4EFA-A9DD-3A08667FF40D}.Release|x86.ActiveCfg = Release|Any CPU
		{D5797F93-CB0F-4EFA-A9DD-3A08667FF40D}.Release|x86.Build.0 = Release|Any CPU
		{3BBDD564-7B90-45A5-B7DF-54B8D6813868}.Debug|Any CPU.ActiveCfg = Debug|Any CPU
		{3BBDD564-7B90-45A5-B7DF-54B8D6813868}.Debug|Any CPU.Build.0 = Debug|Any CPU
		{3BBDD564-7B90-45A5-B7DF-54B8D6813868}.Debug|x64.ActiveCfg = Debug|Any CPU
		{3BBDD564-7B90-45A5-B7DF-54B8D6813868}.Debug|x64.Build.0 = Debug|Any CPU
		{3BBDD564-7B90-45A5-B7DF-54B8D6813868}.Debug|x86.ActiveCfg = Debug|Any CPU
		{3BBDD564-7B90-45A5-B7DF-54B8D6813868}.Debug|x86.Build.0 = Debug|Any CPU
		{3BBDD564-7B90-45A5-B7DF-54B8D6813868}.Release|Any CPU.ActiveCfg = Release|Any CPU
		{3BBDD564-7B90-45A5-B7DF-54B8D6813868}.Release|Any CPU.Build.0 = Release|Any CPU
		{3BBDD564-7B90-45A5-B7DF-54B8D6813868}.Release|x64.ActiveCfg = Release|Any CPU
		{3BBDD564-7B90-45A5-B7DF-54B8D6813868}.Release|x64.Build.0 = Release|Any CPU
		{3BBDD564-7B90-45A5-B7DF-54B8D6813868}.Release|x86.ActiveCfg = Release|Any CPU
		{3BBDD564-7B90-45A5-B7DF-54B8D6813868}.Release|x86.Build.0 = Release|Any CPU
		{29BB146A-4BD1-4BDE-B3E4-E4962DFB4A0D}.Debug|Any CPU.ActiveCfg = Debug|Any CPU
		{29BB146A-4BD1-4BDE-B3E4-E4962DFB4A0D}.Debug|Any CPU.Build.0 = Debug|Any CPU
		{29BB146A-4BD1-4BDE-B3E4-E4962DFB4A0D}.Debug|x64.ActiveCfg = Debug|Any CPU
		{29BB146A-4BD1-4BDE-B3E4-E4962DFB4A0D}.Debug|x64.Build.0 = Debug|Any CPU
		{29BB146A-4BD1-4BDE-B3E4-E4962DFB4A0D}.Debug|x86.ActiveCfg = Debug|Any CPU
		{29BB146A-4BD1-4BDE-B3E4-E4962DFB4A0D}.Debug|x86.Build.0 = Debug|Any CPU
		{29BB146A-4BD1-4BDE-B3E4-E4962DFB4A0D}.Release|Any CPU.ActiveCfg = Release|Any CPU
		{29BB146A-4BD1-4BDE-B3E4-E4962DFB4A0D}.Release|Any CPU.Build.0 = Release|Any CPU
		{29BB146A-4BD1-4BDE-B3E4-E4962DFB4A0D}.Release|x64.ActiveCfg = Release|Any CPU
		{29BB146A-4BD1-4BDE-B3E4-E4962DFB4A0D}.Release|x64.Build.0 = Release|Any CPU
		{29BB146A-4BD1-4BDE-B3E4-E4962DFB4A0D}.Release|x86.ActiveCfg = Release|Any CPU
		{29BB146A-4BD1-4BDE-B3E4-E4962DFB4A0D}.Release|x86.Build.0 = Release|Any CPU
		{D9258707-DD2F-4754-B26E-FF1345F73B3B}.Debug|Any CPU.ActiveCfg = Debug|Any CPU
		{D9258707-DD2F-4754-B26E-FF1345F73B3B}.Debug|Any CPU.Build.0 = Debug|Any CPU
		{D9258707-DD2F-4754-B26E-FF1345F73B3B}.Debug|x64.ActiveCfg = Debug|Any CPU
		{D9258707-DD2F-4754-B26E-FF1345F73B3B}.Debug|x64.Build.0 = Debug|Any CPU
		{D9258707-DD2F-4754-B26E-FF1345F73B3B}.Debug|x86.ActiveCfg = Debug|Any CPU
		{D9258707-DD2F-4754-B26E-FF1345F73B3B}.Debug|x86.Build.0 = Debug|Any CPU
		{D9258707-DD2F-4754-B26E-FF1345F73B3B}.Release|Any CPU.ActiveCfg = Release|Any CPU
		{D9258707-DD2F-4754-B26E-FF1345F73B3B}.Release|Any CPU.Build.0 = Release|Any CPU
		{D9258707-DD2F-4754-B26E-FF1345F73B3B}.Release|x64.ActiveCfg = Release|Any CPU
		{D9258707-DD2F-4754-B26E-FF1345F73B3B}.Release|x64.Build.0 = Release|Any CPU
		{D9258707-DD2F-4754-B26E-FF1345F73B3B}.Release|x86.ActiveCfg = Release|Any CPU
		{D9258707-DD2F-4754-B26E-FF1345F73B3B}.Release|x86.Build.0 = Release|Any CPU
		{132EE04A-1B81-409C-8775-B6DC13E5D445}.Debug|Any CPU.ActiveCfg = Debug|Any CPU
		{132EE04A-1B81-409C-8775-B6DC13E5D445}.Debug|Any CPU.Build.0 = Debug|Any CPU
		{132EE04A-1B81-409C-8775-B6DC13E5D445}.Debug|x64.ActiveCfg = Debug|Any CPU
		{132EE04A-1B81-409C-8775-B6DC13E5D445}.Debug|x64.Build.0 = Debug|Any CPU
		{132EE04A-1B81-409C-8775-B6DC13E5D445}.Debug|x86.ActiveCfg = Debug|Any CPU
		{132EE04A-1B81-409C-8775-B6DC13E5D445}.Debug|x86.Build.0 = Debug|Any CPU
		{132EE04A-1B81-409C-8775-B6DC13E5D445}.Release|Any CPU.ActiveCfg = Release|Any CPU
		{132EE04A-1B81-409C-8775-B6DC13E5D445}.Release|Any CPU.Build.0 = Release|Any CPU
		{132EE04A-1B81-409C-8775-B6DC13E5D445}.Release|x64.ActiveCfg = Release|Any CPU
		{132EE04A-1B81-409C-8775-B6DC13E5D445}.Release|x64.Build.0 = Release|Any CPU
		{132EE04A-1B81-409C-8775-B6DC13E5D445}.Release|x86.ActiveCfg = Release|Any CPU
		{132EE04A-1B81-409C-8775-B6DC13E5D445}.Release|x86.Build.0 = Release|Any CPU
		{3A0B0302-3A44-4003-8C1C-31FCE39327AE}.Debug|Any CPU.ActiveCfg = Debug|Any CPU
		{3A0B0302-3A44-4003-8C1C-31FCE39327AE}.Debug|Any CPU.Build.0 = Debug|Any CPU
		{3A0B0302-3A44-4003-8C1C-31FCE39327AE}.Debug|x64.ActiveCfg = Debug|Any CPU
		{3A0B0302-3A44-4003-8C1C-31FCE39327AE}.Debug|x64.Build.0 = Debug|Any CPU
		{3A0B0302-3A44-4003-8C1C-31FCE39327AE}.Debug|x86.ActiveCfg = Debug|Any CPU
		{3A0B0302-3A44-4003-8C1C-31FCE39327AE}.Debug|x86.Build.0 = Debug|Any CPU
		{3A0B0302-3A44-4003-8C1C-31FCE39327AE}.Release|Any CPU.ActiveCfg = Release|Any CPU
		{3A0B0302-3A44-4003-8C1C-31FCE39327AE}.Release|Any CPU.Build.0 = Release|Any CPU
		{3A0B0302-3A44-4003-8C1C-31FCE39327AE}.Release|x64.ActiveCfg = Release|Any CPU
		{3A0B0302-3A44-4003-8C1C-31FCE39327AE}.Release|x64.Build.0 = Release|Any CPU
		{3A0B0302-3A44-4003-8C1C-31FCE39327AE}.Release|x86.ActiveCfg = Release|Any CPU
		{3A0B0302-3A44-4003-8C1C-31FCE39327AE}.Release|x86.Build.0 = Release|Any CPU
		{AF7B9B6E-E3C3-4EE7-B139-76A5988C283F}.Debug|Any CPU.ActiveCfg = Debug|Any CPU
		{AF7B9B6E-E3C3-4EE7-B139-76A5988C283F}.Debug|Any CPU.Build.0 = Debug|Any CPU
		{AF7B9B6E-E3C3-4EE7-B139-76A5988C283F}.Debug|x64.ActiveCfg = Debug|Any CPU
		{AF7B9B6E-E3C3-4EE7-B139-76A5988C283F}.Debug|x64.Build.0 = Debug|Any CPU
		{AF7B9B6E-E3C3-4EE7-B139-76A5988C283F}.Debug|x86.ActiveCfg = Debug|Any CPU
		{AF7B9B6E-E3C3-4EE7-B139-76A5988C283F}.Debug|x86.Build.0 = Debug|Any CPU
		{AF7B9B6E-E3C3-4EE7-B139-76A5988C283F}.Release|Any CPU.ActiveCfg = Release|Any CPU
		{AF7B9B6E-E3C3-4EE7-B139-76A5988C283F}.Release|Any CPU.Build.0 = Release|Any CPU
		{AF7B9B6E-E3C3-4EE7-B139-76A5988C283F}.Release|x64.ActiveCfg = Release|Any CPU
		{AF7B9B6E-E3C3-4EE7-B139-76A5988C283F}.Release|x64.Build.0 = Release|Any CPU
		{AF7B9B6E-E3C3-4EE7-B139-76A5988C283F}.Release|x86.ActiveCfg = Release|Any CPU
		{AF7B9B6E-E3C3-4EE7-B139-76A5988C283F}.Release|x86.Build.0 = Release|Any CPU
		{DB4A26CB-4A8F-42A3-9DF4-4F92CBD78734}.Debug|Any CPU.ActiveCfg = Debug|Any CPU
		{DB4A26CB-4A8F-42A3-9DF4-4F92CBD78734}.Debug|Any CPU.Build.0 = Debug|Any CPU
		{DB4A26CB-4A8F-42A3-9DF4-4F92CBD78734}.Debug|x64.ActiveCfg = Debug|Any CPU
		{DB4A26CB-4A8F-42A3-9DF4-4F92CBD78734}.Debug|x64.Build.0 = Debug|Any CPU
		{DB4A26CB-4A8F-42A3-9DF4-4F92CBD78734}.Debug|x86.ActiveCfg = Debug|Any CPU
		{DB4A26CB-4A8F-42A3-9DF4-4F92CBD78734}.Debug|x86.Build.0 = Debug|Any CPU
		{DB4A26CB-4A8F-42A3-9DF4-4F92CBD78734}.Release|Any CPU.ActiveCfg = Release|Any CPU
		{DB4A26CB-4A8F-42A3-9DF4-4F92CBD78734}.Release|Any CPU.Build.0 = Release|Any CPU
		{DB4A26CB-4A8F-42A3-9DF4-4F92CBD78734}.Release|x64.ActiveCfg = Release|Any CPU
		{DB4A26CB-4A8F-42A3-9DF4-4F92CBD78734}.Release|x64.Build.0 = Release|Any CPU
		{DB4A26CB-4A8F-42A3-9DF4-4F92CBD78734}.Release|x86.ActiveCfg = Release|Any CPU
		{DB4A26CB-4A8F-42A3-9DF4-4F92CBD78734}.Release|x86.Build.0 = Release|Any CPU
	EndGlobalSection
	GlobalSection(SolutionProperties) = preSolution
		HideSolutionNode = FALSE
	EndGlobalSection
	GlobalSection(NestedProjects) = preSolution
		{D5797F93-CB0F-4EFA-A9DD-3A08667FF40D} = {456F164D-8249-4DFB-8848-30A60ED7CC8F}
		{3BBDD564-7B90-45A5-B7DF-54B8D6813868} = {456F164D-8249-4DFB-8848-30A60ED7CC8F}
		{29BB146A-4BD1-4BDE-B3E4-E4962DFB4A0D} = {456F164D-8249-4DFB-8848-30A60ED7CC8F}
		{D9258707-DD2F-4754-B26E-FF1345F73B3B} = {456F164D-8249-4DFB-8848-30A60ED7CC8F}
		{132EE04A-1B81-409C-8775-B6DC13E5D445} = {456F164D-8249-4DFB-8848-30A60ED7CC8F}
		{AF7B9B6E-E3C3-4EE7-B139-76A5988C283F} = {456F164D-8249-4DFB-8848-30A60ED7CC8F}
		{DB4A26CB-4A8F-42A3-9DF4-4F92CBD78734} = {456F164D-8249-4DFB-8848-30A60ED7CC8F}
	EndGlobalSection
	GlobalSection(ExtensibilityGlobals) = postSolution
		SolutionGuid = {4EB2C9EA-D51F-4521-96DD-62C5021827D9}
	EndGlobalSection
EndGlobal
